// !$*UTF8*$!
{
	archiveVersion = 1;
	classes = {
	};
	objectVersion = 50;
	objects = {

/* Begin PBXBuildFile section */
		9E0FDBEE29BF896F00525E4C /* NotificationSettingsView.swift in Sources */ = {isa = PBXBuildFile; fileRef = 9E0FDBED29BF896F00525E4C /* NotificationSettingsView.swift */; };
		9E2E153A2832BE9E004BA357 /* DeepLinksHelper.swift in Sources */ = {isa = PBXBuildFile; fileRef = 9E2E15392832BE9E004BA357 /* DeepLinksHelper.swift */; };
		9E2E153D2832BFC8004BA357 /* OSLog.swift in Sources */ = {isa = PBXBuildFile; fileRef = 9E2E153C2832BFC8004BA357 /* OSLog.swift */; };
		9E40177D26710AB800D269CC /* CordialDemo_SwiftUIApp.swift in Sources */ = {isa = PBXBuildFile; fileRef = 9E40177C26710AB800D269CC /* CordialDemo_SwiftUIApp.swift */; };
		9E40177F26710AB800D269CC /* ContentView.swift in Sources */ = {isa = PBXBuildFile; fileRef = 9E40177E26710AB800D269CC /* ContentView.swift */; };
		9E40178126710ABA00D269CC /* Assets.xcassets in Resources */ = {isa = PBXBuildFile; fileRef = 9E40178026710ABA00D269CC /* Assets.xcassets */; };
		9E40178426710ABA00D269CC /* Preview Assets.xcassets in Resources */ = {isa = PBXBuildFile; fileRef = 9E40178326710ABA00D269CC /* Preview Assets.xcassets */; };
		9E40178F26710ABB00D269CC /* CordialDemo_SwiftUITests.swift in Sources */ = {isa = PBXBuildFile; fileRef = 9E40178E26710ABB00D269CC /* CordialDemo_SwiftUITests.swift */; };
		9E40179A26710ABB00D269CC /* CordialDemo_SwiftUIUITests.swift in Sources */ = {isa = PBXBuildFile; fileRef = 9E40179926710ABB00D269CC /* CordialDemo_SwiftUIUITests.swift */; };
		9E4018562672356800D269CC /* CatalogView.swift in Sources */ = {isa = PBXBuildFile; fileRef = 9E4018552672356800D269CC /* CatalogView.swift */; };
		9E40185E2672360100D269CC /* ProductView.swift in Sources */ = {isa = PBXBuildFile; fileRef = 9E40185D2672360100D269CC /* ProductView.swift */; };
		9E40189326728C5F00D269CC /* ProductHandler.swift in Sources */ = {isa = PBXBuildFile; fileRef = 9E40189226728C5F00D269CC /* ProductHandler.swift */; };
		9E40189826728C8700D269CC /* Product.swift in Sources */ = {isa = PBXBuildFile; fileRef = 9E40189726728C8700D269CC /* Product.swift */; };
		9E4018B926729BCC00D269CC /* DeepLinks.swift in Sources */ = {isa = PBXBuildFile; fileRef = 9E4018B826729BCC00D269CC /* DeepLinks.swift */; };
		9E8BB331280359C100F3B24E /* UserNotifications.framework in Frameworks */ = {isa = PBXBuildFile; fileRef = 9E8BB330280359C100F3B24E /* UserNotifications.framework */; };
		9E8BB333280359C100F3B24E /* UserNotificationsUI.framework in Frameworks */ = {isa = PBXBuildFile; fileRef = 9E8BB332280359C100F3B24E /* UserNotificationsUI.framework */; };
		9E8BB336280359C100F3B24E /* NotificationViewController.swift in Sources */ = {isa = PBXBuildFile; fileRef = 9E8BB335280359C100F3B24E /* NotificationViewController.swift */; };
		9E8BB33D280359C100F3B24E /* NotificationContentExtension.appex in Embed App Extensions */ = {isa = PBXBuildFile; fileRef = 9E8BB32E280359C100F3B24E /* NotificationContentExtension.appex */; settings = {ATTRIBUTES = (RemoveHeadersOnCopy, ); }; };
		9E91B1A626A345D50052AB19 /* NotificationService.swift in Sources */ = {isa = PBXBuildFile; fileRef = 9E91B1A526A345D50052AB19 /* NotificationService.swift */; };
		9E91B1AA26A345D50052AB19 /* NotificationServiceExtension.appex in Embed App Extensions */ = {isa = PBXBuildFile; fileRef = 9E91B1A326A345D50052AB19 /* NotificationServiceExtension.appex */; settings = {ATTRIBUTES = (RemoveHeadersOnCopy, ); }; };
		9E9DD74F26A1B68400EDB438 /* AppHandler.swift in Sources */ = {isa = PBXBuildFile; fileRef = 9E9DD74E26A1B68400EDB438 /* AppHandler.swift */; };
/* End PBXBuildFile section */

/* Begin PBXContainerItemProxy section */
		9E40178B26710ABB00D269CC /* PBXContainerItemProxy */ = {
			isa = PBXContainerItemProxy;
			containerPortal = 9E40177126710AB800D269CC /* Project object */;
			proxyType = 1;
			remoteGlobalIDString = 9E40177826710AB800D269CC;
			remoteInfo = CordialDemo_SwiftUI;
		};
		9E40179626710ABB00D269CC /* PBXContainerItemProxy */ = {
			isa = PBXContainerItemProxy;
			containerPortal = 9E40177126710AB800D269CC /* Project object */;
			proxyType = 1;
			remoteGlobalIDString = 9E40177826710AB800D269CC;
			remoteInfo = CordialDemo_SwiftUI;
		};
		9E8BB33B280359C100F3B24E /* PBXContainerItemProxy */ = {
			isa = PBXContainerItemProxy;
			containerPortal = 9E40177126710AB800D269CC /* Project object */;
			proxyType = 1;
			remoteGlobalIDString = 9E8BB32D280359C100F3B24E;
			remoteInfo = NotificationContentExtension;
		};
		9E91B1A826A345D50052AB19 /* PBXContainerItemProxy */ = {
			isa = PBXContainerItemProxy;
			containerPortal = 9E40177126710AB800D269CC /* Project object */;
			proxyType = 1;
			remoteGlobalIDString = 9E91B1A226A345D50052AB19;
			remoteInfo = NotificationServiceExtension;
		};
/* End PBXContainerItemProxy section */

/* Begin PBXCopyFilesBuildPhase section */
		9E91B1AE26A345D50052AB19 /* Embed App Extensions */ = {
			isa = PBXCopyFilesBuildPhase;
			buildActionMask = 2147483647;
			dstPath = "";
			dstSubfolderSpec = 13;
			files = (
				9E91B1AA26A345D50052AB19 /* NotificationServiceExtension.appex in Embed App Extensions */,
				9E8BB33D280359C100F3B24E /* NotificationContentExtension.appex in Embed App Extensions */,
			);
			name = "Embed App Extensions";
			runOnlyForDeploymentPostprocessing = 0;
		};
		9ECE05342677BB5E00864428 /* Embed Frameworks */ = {
			isa = PBXCopyFilesBuildPhase;
			buildActionMask = 2147483647;
			dstPath = "";
			dstSubfolderSpec = 10;
			files = (
			);
			name = "Embed Frameworks";
			runOnlyForDeploymentPostprocessing = 0;
		};
/* End PBXCopyFilesBuildPhase section */

/* Begin PBXFileReference section */
		9E0FDBED29BF896F00525E4C /* NotificationSettingsView.swift */ = {isa = PBXFileReference; lastKnownFileType = sourcecode.swift; path = NotificationSettingsView.swift; sourceTree = "<group>"; };
		9E2E15392832BE9E004BA357 /* DeepLinksHelper.swift */ = {isa = PBXFileReference; lastKnownFileType = sourcecode.swift; path = DeepLinksHelper.swift; sourceTree = "<group>"; };
		9E2E153C2832BFC8004BA357 /* OSLog.swift */ = {isa = PBXFileReference; lastKnownFileType = sourcecode.swift; path = OSLog.swift; sourceTree = "<group>"; };
		9E40177926710AB800D269CC /* CordialDemo_SwiftUI.app */ = {isa = PBXFileReference; explicitFileType = wrapper.application; includeInIndex = 0; path = CordialDemo_SwiftUI.app; sourceTree = BUILT_PRODUCTS_DIR; };
		9E40177C26710AB800D269CC /* CordialDemo_SwiftUIApp.swift */ = {isa = PBXFileReference; lastKnownFileType = sourcecode.swift; path = CordialDemo_SwiftUIApp.swift; sourceTree = "<group>"; };
		9E40177E26710AB800D269CC /* ContentView.swift */ = {isa = PBXFileReference; lastKnownFileType = sourcecode.swift; path = ContentView.swift; sourceTree = "<group>"; };
		9E40178026710ABA00D269CC /* Assets.xcassets */ = {isa = PBXFileReference; lastKnownFileType = folder.assetcatalog; path = Assets.xcassets; sourceTree = "<group>"; };
		9E40178326710ABA00D269CC /* Preview Assets.xcassets */ = {isa = PBXFileReference; lastKnownFileType = folder.assetcatalog; path = "Preview Assets.xcassets"; sourceTree = "<group>"; };
		9E40178526710ABA00D269CC /* Info.plist */ = {isa = PBXFileReference; lastKnownFileType = text.plist.xml; path = Info.plist; sourceTree = "<group>"; };
		9E40178A26710ABB00D269CC /* CordialDemo_SwiftUITests.xctest */ = {isa = PBXFileReference; explicitFileType = wrapper.cfbundle; includeInIndex = 0; path = CordialDemo_SwiftUITests.xctest; sourceTree = BUILT_PRODUCTS_DIR; };
		9E40178E26710ABB00D269CC /* CordialDemo_SwiftUITests.swift */ = {isa = PBXFileReference; lastKnownFileType = sourcecode.swift; path = CordialDemo_SwiftUITests.swift; sourceTree = "<group>"; };
		9E40179026710ABB00D269CC /* Info.plist */ = {isa = PBXFileReference; lastKnownFileType = text.plist.xml; path = Info.plist; sourceTree = "<group>"; };
		9E40179526710ABB00D269CC /* CordialDemo_SwiftUIUITests.xctest */ = {isa = PBXFileReference; explicitFileType = wrapper.cfbundle; includeInIndex = 0; path = CordialDemo_SwiftUIUITests.xctest; sourceTree = BUILT_PRODUCTS_DIR; };
		9E40179926710ABB00D269CC /* CordialDemo_SwiftUIUITests.swift */ = {isa = PBXFileReference; lastKnownFileType = sourcecode.swift; path = CordialDemo_SwiftUIUITests.swift; sourceTree = "<group>"; };
		9E40179B26710ABB00D269CC /* Info.plist */ = {isa = PBXFileReference; lastKnownFileType = text.plist.xml; path = Info.plist; sourceTree = "<group>"; };
		9E4018552672356800D269CC /* CatalogView.swift */ = {isa = PBXFileReference; lastKnownFileType = sourcecode.swift; path = CatalogView.swift; sourceTree = "<group>"; };
		9E40185D2672360100D269CC /* ProductView.swift */ = {isa = PBXFileReference; lastKnownFileType = sourcecode.swift; path = ProductView.swift; sourceTree = "<group>"; };
		9E40187B2672509200D269CC /* CordialDemo_SwiftUI.entitlements */ = {isa = PBXFileReference; lastKnownFileType = text.plist.entitlements; path = CordialDemo_SwiftUI.entitlements; sourceTree = "<group>"; };
		9E40189226728C5F00D269CC /* ProductHandler.swift */ = {isa = PBXFileReference; lastKnownFileType = sourcecode.swift; path = ProductHandler.swift; sourceTree = "<group>"; };
		9E40189726728C8700D269CC /* Product.swift */ = {isa = PBXFileReference; lastKnownFileType = sourcecode.swift; path = Product.swift; sourceTree = "<group>"; };
		9E4018B826729BCC00D269CC /* DeepLinks.swift */ = {isa = PBXFileReference; lastKnownFileType = sourcecode.swift; path = DeepLinks.swift; sourceTree = "<group>"; };
		9E8BB32E280359C100F3B24E /* NotificationContentExtension.appex */ = {isa = PBXFileReference; explicitFileType = "wrapper.app-extension"; includeInIndex = 0; path = NotificationContentExtension.appex; sourceTree = BUILT_PRODUCTS_DIR; };
		9E8BB330280359C100F3B24E /* UserNotifications.framework */ = {isa = PBXFileReference; lastKnownFileType = wrapper.framework; name = UserNotifications.framework; path = System/Library/Frameworks/UserNotifications.framework; sourceTree = SDKROOT; };
		9E8BB332280359C100F3B24E /* UserNotificationsUI.framework */ = {isa = PBXFileReference; lastKnownFileType = wrapper.framework; name = UserNotificationsUI.framework; path = System/Library/Frameworks/UserNotificationsUI.framework; sourceTree = SDKROOT; };
		9E8BB335280359C100F3B24E /* NotificationViewController.swift */ = {isa = PBXFileReference; lastKnownFileType = sourcecode.swift; path = NotificationViewController.swift; sourceTree = "<group>"; };
		9E8BB33A280359C100F3B24E /* Info.plist */ = {isa = PBXFileReference; lastKnownFileType = text.plist.xml; path = Info.plist; sourceTree = "<group>"; };
		9E8BB34128035B3500F3B24E /* NotificationContentExtension.entitlements */ = {isa = PBXFileReference; lastKnownFileType = text.plist.entitlements; path = NotificationContentExtension.entitlements; sourceTree = "<group>"; };
		9E91B1A326A345D50052AB19 /* NotificationServiceExtension.appex */ = {isa = PBXFileReference; explicitFileType = "wrapper.app-extension"; includeInIndex = 0; path = NotificationServiceExtension.appex; sourceTree = BUILT_PRODUCTS_DIR; };
		9E91B1A526A345D50052AB19 /* NotificationService.swift */ = {isa = PBXFileReference; lastKnownFileType = sourcecode.swift; path = NotificationService.swift; sourceTree = "<group>"; };
		9E91B1A726A345D50052AB19 /* Info.plist */ = {isa = PBXFileReference; lastKnownFileType = text.plist.xml; path = Info.plist; sourceTree = "<group>"; };
		9E9DD74E26A1B68400EDB438 /* AppHandler.swift */ = {isa = PBXFileReference; lastKnownFileType = sourcecode.swift; path = AppHandler.swift; sourceTree = "<group>"; };
/* End PBXFileReference section */

/* Begin PBXFrameworksBuildPhase section */
		9E40177626710AB800D269CC /* Frameworks */ = {
			isa = PBXFrameworksBuildPhase;
			buildActionMask = 2147483647;
			files = (
			);
			runOnlyForDeploymentPostprocessing = 0;
		};
		9E40178726710ABB00D269CC /* Frameworks */ = {
			isa = PBXFrameworksBuildPhase;
			buildActionMask = 2147483647;
			files = (
			);
			runOnlyForDeploymentPostprocessing = 0;
		};
		9E40179226710ABB00D269CC /* Frameworks */ = {
			isa = PBXFrameworksBuildPhase;
			buildActionMask = 2147483647;
			files = (
			);
			runOnlyForDeploymentPostprocessing = 0;
		};
		9E8BB32B280359C100F3B24E /* Frameworks */ = {
			isa = PBXFrameworksBuildPhase;
			buildActionMask = 2147483647;
			files = (
				9E8BB333280359C100F3B24E /* UserNotificationsUI.framework in Frameworks */,
				9E8BB331280359C100F3B24E /* UserNotifications.framework in Frameworks */,
			);
			runOnlyForDeploymentPostprocessing = 0;
		};
		9E91B1A026A345D50052AB19 /* Frameworks */ = {
			isa = PBXFrameworksBuildPhase;
			buildActionMask = 2147483647;
			files = (
			);
			runOnlyForDeploymentPostprocessing = 0;
		};
/* End PBXFrameworksBuildPhase section */

/* Begin PBXGroup section */
		9E2E153B2832BFB0004BA357 /* OSLog */ = {
			isa = PBXGroup;
			children = (
				9E2E153C2832BFC8004BA357 /* OSLog.swift */,
			);
			path = OSLog;
			sourceTree = "<group>";
		};
		9E40177026710AB800D269CC = {
			isa = PBXGroup;
			children = (
				9E40177B26710AB800D269CC /* CordialDemo_SwiftUI */,
				9E40178D26710ABB00D269CC /* CordialDemo_SwiftUITests */,
				9E40179826710ABB00D269CC /* CordialDemo_SwiftUIUITests */,
				9E91B1A426A345D50052AB19 /* NotificationServiceExtension */,
				9E8BB334280359C100F3B24E /* NotificationContentExtension */,
				9E8BB32F280359C100F3B24E /* Frameworks */,
				9E40177A26710AB800D269CC /* Products */,
			);
			sourceTree = "<group>";
		};
		9E40177A26710AB800D269CC /* Products */ = {
			isa = PBXGroup;
			children = (
				9E40177926710AB800D269CC /* CordialDemo_SwiftUI.app */,
				9E40178A26710ABB00D269CC /* CordialDemo_SwiftUITests.xctest */,
				9E40179526710ABB00D269CC /* CordialDemo_SwiftUIUITests.xctest */,
				9E91B1A326A345D50052AB19 /* NotificationServiceExtension.appex */,
				9E8BB32E280359C100F3B24E /* NotificationContentExtension.appex */,
			);
			name = Products;
			sourceTree = "<group>";
		};
		9E40177B26710AB800D269CC /* CordialDemo_SwiftUI */ = {
			isa = PBXGroup;
			children = (
				9E9DD74D26A1B67800EDB438 /* AppHandler */,
				9E40189126728C5200D269CC /* ProductHandler */,
				9E2E153B2832BFB0004BA357 /* OSLog */,
				9E40188B26728BBA00D269CC /* DeepLinks */,
				9E4018542672354000D269CC /* Views */,
				9E40177C26710AB800D269CC /* CordialDemo_SwiftUIApp.swift */,
				9E40177E26710AB800D269CC /* ContentView.swift */,
				9E40187B2672509200D269CC /* CordialDemo_SwiftUI.entitlements */,
				9E40178026710ABA00D269CC /* Assets.xcassets */,
				9E40178526710ABA00D269CC /* Info.plist */,
				9E40178226710ABA00D269CC /* Preview Content */,
			);
			path = CordialDemo_SwiftUI;
			sourceTree = "<group>";
		};
		9E40178226710ABA00D269CC /* Preview Content */ = {
			isa = PBXGroup;
			children = (
				9E40178326710ABA00D269CC /* Preview Assets.xcassets */,
			);
			path = "Preview Content";
			sourceTree = "<group>";
		};
		9E40178D26710ABB00D269CC /* CordialDemo_SwiftUITests */ = {
			isa = PBXGroup;
			children = (
				9E40178E26710ABB00D269CC /* CordialDemo_SwiftUITests.swift */,
				9E40179026710ABB00D269CC /* Info.plist */,
			);
			path = CordialDemo_SwiftUITests;
			sourceTree = "<group>";
		};
		9E40179826710ABB00D269CC /* CordialDemo_SwiftUIUITests */ = {
			isa = PBXGroup;
			children = (
				9E40179926710ABB00D269CC /* CordialDemo_SwiftUIUITests.swift */,
				9E40179B26710ABB00D269CC /* Info.plist */,
			);
			path = CordialDemo_SwiftUIUITests;
			sourceTree = "<group>";
		};
		9E4018542672354000D269CC /* Views */ = {
			isa = PBXGroup;
			children = (
				9E4018552672356800D269CC /* CatalogView.swift */,
				9E40185D2672360100D269CC /* ProductView.swift */,
				9E0FDBED29BF896F00525E4C /* NotificationSettingsView.swift */,
			);
			path = Views;
			sourceTree = "<group>";
		};
		9E40188B26728BBA00D269CC /* DeepLinks */ = {
			isa = PBXGroup;
			children = (
				9E2E15392832BE9E004BA357 /* DeepLinksHelper.swift */,
				9E4018B826729BCC00D269CC /* DeepLinks.swift */,
			);
			path = DeepLinks;
			sourceTree = "<group>";
		};
		9E40189126728C5200D269CC /* ProductHandler */ = {
			isa = PBXGroup;
			children = (
				9E40189226728C5F00D269CC /* ProductHandler.swift */,
				9E40189726728C8700D269CC /* Product.swift */,
			);
			path = ProductHandler;
			sourceTree = "<group>";
		};
		9E8BB32F280359C100F3B24E /* Frameworks */ = {
			isa = PBXGroup;
			children = (
				9E8BB330280359C100F3B24E /* UserNotifications.framework */,
				9E8BB332280359C100F3B24E /* UserNotificationsUI.framework */,
			);
			name = Frameworks;
			sourceTree = "<group>";
		};
		9E8BB334280359C100F3B24E /* NotificationContentExtension */ = {
			isa = PBXGroup;
			children = (
				9E8BB34128035B3500F3B24E /* NotificationContentExtension.entitlements */,
				9E8BB335280359C100F3B24E /* NotificationViewController.swift */,
				9E8BB33A280359C100F3B24E /* Info.plist */,
			);
			path = NotificationContentExtension;
			sourceTree = "<group>";
		};
		9E91B1A426A345D50052AB19 /* NotificationServiceExtension */ = {
			isa = PBXGroup;
			children = (
				9E91B1A526A345D50052AB19 /* NotificationService.swift */,
				9E91B1A726A345D50052AB19 /* Info.plist */,
			);
			path = NotificationServiceExtension;
			sourceTree = "<group>";
		};
		9E9DD74D26A1B67800EDB438 /* AppHandler */ = {
			isa = PBXGroup;
			children = (
				9E9DD74E26A1B68400EDB438 /* AppHandler.swift */,
			);
			path = AppHandler;
			sourceTree = "<group>";
		};
/* End PBXGroup section */

/* Begin PBXNativeTarget section */
		9E40177826710AB800D269CC /* CordialDemo_SwiftUI */ = {
			isa = PBXNativeTarget;
			buildConfigurationList = 9E40179E26710ABB00D269CC /* Build configuration list for PBXNativeTarget "CordialDemo_SwiftUI" */;
			buildPhases = (
				9E40177526710AB800D269CC /* Sources */,
				9E40177626710AB800D269CC /* Frameworks */,
				9E40177726710AB800D269CC /* Resources */,
				9ECE05342677BB5E00864428 /* Embed Frameworks */,
				9E91B1AE26A345D50052AB19 /* Embed App Extensions */,
			);
			buildRules = (
			);
			dependencies = (
				9E91B1A926A345D50052AB19 /* PBXTargetDependency */,
				9E8BB33C280359C100F3B24E /* PBXTargetDependency */,
			);
			name = CordialDemo_SwiftUI;
			packageProductDependencies = (
			);
			productName = CordialDemo_SwiftUI;
			productReference = 9E40177926710AB800D269CC /* CordialDemo_SwiftUI.app */;
			productType = "com.apple.product-type.application";
		};
		9E40178926710ABB00D269CC /* CordialDemo_SwiftUITests */ = {
			isa = PBXNativeTarget;
			buildConfigurationList = 9E4017A126710ABB00D269CC /* Build configuration list for PBXNativeTarget "CordialDemo_SwiftUITests" */;
			buildPhases = (
				9E40178626710ABB00D269CC /* Sources */,
				9E40178726710ABB00D269CC /* Frameworks */,
				9E40178826710ABB00D269CC /* Resources */,
			);
			buildRules = (
			);
			dependencies = (
				9E40178C26710ABB00D269CC /* PBXTargetDependency */,
			);
			name = CordialDemo_SwiftUITests;
			productName = CordialDemo_SwiftUITests;
			productReference = 9E40178A26710ABB00D269CC /* CordialDemo_SwiftUITests.xctest */;
			productType = "com.apple.product-type.bundle.unit-test";
		};
		9E40179426710ABB00D269CC /* CordialDemo_SwiftUIUITests */ = {
			isa = PBXNativeTarget;
			buildConfigurationList = 9E4017A426710ABB00D269CC /* Build configuration list for PBXNativeTarget "CordialDemo_SwiftUIUITests" */;
			buildPhases = (
				9E40179126710ABB00D269CC /* Sources */,
				9E40179226710ABB00D269CC /* Frameworks */,
				9E40179326710ABB00D269CC /* Resources */,
			);
			buildRules = (
			);
			dependencies = (
				9E40179726710ABB00D269CC /* PBXTargetDependency */,
			);
			name = CordialDemo_SwiftUIUITests;
			productName = CordialDemo_SwiftUIUITests;
			productReference = 9E40179526710ABB00D269CC /* CordialDemo_SwiftUIUITests.xctest */;
			productType = "com.apple.product-type.bundle.ui-testing";
		};
		9E8BB32D280359C100F3B24E /* NotificationContentExtension */ = {
			isa = PBXNativeTarget;
			buildConfigurationList = 9E8BB33E280359C100F3B24E /* Build configuration list for PBXNativeTarget "NotificationContentExtension" */;
			buildPhases = (
				9E8BB32A280359C100F3B24E /* Sources */,
				9E8BB32B280359C100F3B24E /* Frameworks */,
				9E8BB32C280359C100F3B24E /* Resources */,
			);
			buildRules = (
			);
			dependencies = (
			);
			name = NotificationContentExtension;
			packageProductDependencies = (
			);
			productName = NotificationContentExtension;
			productReference = 9E8BB32E280359C100F3B24E /* NotificationContentExtension.appex */;
			productType = "com.apple.product-type.app-extension";
		};
		9E91B1A226A345D50052AB19 /* NotificationServiceExtension */ = {
			isa = PBXNativeTarget;
			buildConfigurationList = 9E91B1AB26A345D50052AB19 /* Build configuration list for PBXNativeTarget "NotificationServiceExtension" */;
			buildPhases = (
				9E91B19F26A345D50052AB19 /* Sources */,
				9E91B1A026A345D50052AB19 /* Frameworks */,
				9E91B1A126A345D50052AB19 /* Resources */,
			);
			buildRules = (
			);
			dependencies = (
			);
			name = NotificationServiceExtension;
			packageProductDependencies = (
			);
			productName = NotificationServiceExtension;
			productReference = 9E91B1A326A345D50052AB19 /* NotificationServiceExtension.appex */;
			productType = "com.apple.product-type.app-extension";
		};
/* End PBXNativeTarget section */

/* Begin PBXProject section */
		9E40177126710AB800D269CC /* Project object */ = {
			isa = PBXProject;
			attributes = {
				LastSwiftUpdateCheck = 1310;
				LastUpgradeCheck = 1240;
				TargetAttributes = {
					9E40177826710AB800D269CC = {
						CreatedOnToolsVersion = 12.4;
					};
					9E40178926710ABB00D269CC = {
						CreatedOnToolsVersion = 12.4;
						TestTargetID = 9E40177826710AB800D269CC;
					};
					9E40179426710ABB00D269CC = {
						CreatedOnToolsVersion = 12.4;
						TestTargetID = 9E40177826710AB800D269CC;
					};
					9E8BB32D280359C100F3B24E = {
						CreatedOnToolsVersion = 13.1;
					};
					9E91B1A226A345D50052AB19 = {
						CreatedOnToolsVersion = 12.5.1;
					};
				};
			};
			buildConfigurationList = 9E40177426710AB800D269CC /* Build configuration list for PBXProject "CordialDemo_SwiftUI" */;
			compatibilityVersion = "Xcode 9.3";
			developmentRegion = en;
			hasScannedForEncodings = 0;
			knownRegions = (
				en,
				Base,
			);
			mainGroup = 9E40177026710AB800D269CC;
			packageReferences = (
			);
			productRefGroup = 9E40177A26710AB800D269CC /* Products */;
			projectDirPath = "";
			projectRoot = "";
			targets = (
				9E40177826710AB800D269CC /* CordialDemo_SwiftUI */,
				9E40178926710ABB00D269CC /* CordialDemo_SwiftUITests */,
				9E40179426710ABB00D269CC /* CordialDemo_SwiftUIUITests */,
				9E91B1A226A345D50052AB19 /* NotificationServiceExtension */,
				9E8BB32D280359C100F3B24E /* NotificationContentExtension */,
			);
		};
/* End PBXProject section */

/* Begin PBXResourcesBuildPhase section */
		9E40177726710AB800D269CC /* Resources */ = {
			isa = PBXResourcesBuildPhase;
			buildActionMask = 2147483647;
			files = (
				9E40178426710ABA00D269CC /* Preview Assets.xcassets in Resources */,
				9E40178126710ABA00D269CC /* Assets.xcassets in Resources */,
			);
			runOnlyForDeploymentPostprocessing = 0;
		};
		9E40178826710ABB00D269CC /* Resources */ = {
			isa = PBXResourcesBuildPhase;
			buildActionMask = 2147483647;
			files = (
			);
			runOnlyForDeploymentPostprocessing = 0;
		};
		9E40179326710ABB00D269CC /* Resources */ = {
			isa = PBXResourcesBuildPhase;
			buildActionMask = 2147483647;
			files = (
			);
			runOnlyForDeploymentPostprocessing = 0;
		};
		9E8BB32C280359C100F3B24E /* Resources */ = {
			isa = PBXResourcesBuildPhase;
			buildActionMask = 2147483647;
			files = (
			);
			runOnlyForDeploymentPostprocessing = 0;
		};
		9E91B1A126A345D50052AB19 /* Resources */ = {
			isa = PBXResourcesBuildPhase;
			buildActionMask = 2147483647;
			files = (
			);
			runOnlyForDeploymentPostprocessing = 0;
		};
/* End PBXResourcesBuildPhase section */

/* Begin PBXSourcesBuildPhase section */
		9E40177526710AB800D269CC /* Sources */ = {
			isa = PBXSourcesBuildPhase;
			buildActionMask = 2147483647;
			files = (
				9E9DD74F26A1B68400EDB438 /* AppHandler.swift in Sources */,
				9E40185E2672360100D269CC /* ProductView.swift in Sources */,
				9E4018B926729BCC00D269CC /* DeepLinks.swift in Sources */,
				9E40177F26710AB800D269CC /* ContentView.swift in Sources */,
				9E2E153D2832BFC8004BA357 /* OSLog.swift in Sources */,
				9E40189326728C5F00D269CC /* ProductHandler.swift in Sources */,
				9E4018562672356800D269CC /* CatalogView.swift in Sources */,
				9E40177D26710AB800D269CC /* CordialDemo_SwiftUIApp.swift in Sources */,
				9E2E153A2832BE9E004BA357 /* DeepLinksHelper.swift in Sources */,
				9E0FDBEE29BF896F00525E4C /* NotificationSettingsView.swift in Sources */,
				9E40189826728C8700D269CC /* Product.swift in Sources */,
			);
			runOnlyForDeploymentPostprocessing = 0;
		};
		9E40178626710ABB00D269CC /* Sources */ = {
			isa = PBXSourcesBuildPhase;
			buildActionMask = 2147483647;
			files = (
				9E40178F26710ABB00D269CC /* CordialDemo_SwiftUITests.swift in Sources */,
			);
			runOnlyForDeploymentPostprocessing = 0;
		};
		9E40179126710ABB00D269CC /* Sources */ = {
			isa = PBXSourcesBuildPhase;
			buildActionMask = 2147483647;
			files = (
				9E40179A26710ABB00D269CC /* CordialDemo_SwiftUIUITests.swift in Sources */,
			);
			runOnlyForDeploymentPostprocessing = 0;
		};
		9E8BB32A280359C100F3B24E /* Sources */ = {
			isa = PBXSourcesBuildPhase;
			buildActionMask = 2147483647;
			files = (
				9E8BB336280359C100F3B24E /* NotificationViewController.swift in Sources */,
			);
			runOnlyForDeploymentPostprocessing = 0;
		};
		9E91B19F26A345D50052AB19 /* Sources */ = {
			isa = PBXSourcesBuildPhase;
			buildActionMask = 2147483647;
			files = (
				9E91B1A626A345D50052AB19 /* NotificationService.swift in Sources */,
			);
			runOnlyForDeploymentPostprocessing = 0;
		};
/* End PBXSourcesBuildPhase section */

/* Begin PBXTargetDependency section */
		9E40178C26710ABB00D269CC /* PBXTargetDependency */ = {
			isa = PBXTargetDependency;
			target = 9E40177826710AB800D269CC /* CordialDemo_SwiftUI */;
			targetProxy = 9E40178B26710ABB00D269CC /* PBXContainerItemProxy */;
		};
		9E40179726710ABB00D269CC /* PBXTargetDependency */ = {
			isa = PBXTargetDependency;
			target = 9E40177826710AB800D269CC /* CordialDemo_SwiftUI */;
			targetProxy = 9E40179626710ABB00D269CC /* PBXContainerItemProxy */;
		};
		9E8BB33C280359C100F3B24E /* PBXTargetDependency */ = {
			isa = PBXTargetDependency;
			target = 9E8BB32D280359C100F3B24E /* NotificationContentExtension */;
			targetProxy = 9E8BB33B280359C100F3B24E /* PBXContainerItemProxy */;
		};
		9E91B1A926A345D50052AB19 /* PBXTargetDependency */ = {
			isa = PBXTargetDependency;
			target = 9E91B1A226A345D50052AB19 /* NotificationServiceExtension */;
			targetProxy = 9E91B1A826A345D50052AB19 /* PBXContainerItemProxy */;
		};
/* End PBXTargetDependency section */

/* Begin XCBuildConfiguration section */
		9E40179C26710ABB00D269CC /* Debug */ = {
			isa = XCBuildConfiguration;
			buildSettings = {
				ALWAYS_SEARCH_USER_PATHS = NO;
				CLANG_ANALYZER_NONNULL = YES;
				CLANG_ANALYZER_NUMBER_OBJECT_CONVERSION = YES_AGGRESSIVE;
				CLANG_CXX_LANGUAGE_STANDARD = "gnu++14";
				CLANG_CXX_LIBRARY = "libc++";
				CLANG_ENABLE_MODULES = YES;
				CLANG_ENABLE_OBJC_ARC = YES;
				CLANG_ENABLE_OBJC_WEAK = YES;
				CLANG_WARN_BLOCK_CAPTURE_AUTORELEASING = YES;
				CLANG_WARN_BOOL_CONVERSION = YES;
				CLANG_WARN_COMMA = YES;
				CLANG_WARN_CONSTANT_CONVERSION = YES;
				CLANG_WARN_DEPRECATED_OBJC_IMPLEMENTATIONS = YES;
				CLANG_WARN_DIRECT_OBJC_ISA_USAGE = YES_ERROR;
				CLANG_WARN_DOCUMENTATION_COMMENTS = YES;
				CLANG_WARN_EMPTY_BODY = YES;
				CLANG_WARN_ENUM_CONVERSION = YES;
				CLANG_WARN_INFINITE_RECURSION = YES;
				CLANG_WARN_INT_CONVERSION = YES;
				CLANG_WARN_NON_LITERAL_NULL_CONVERSION = YES;
				CLANG_WARN_OBJC_IMPLICIT_RETAIN_SELF = YES;
				CLANG_WARN_OBJC_LITERAL_CONVERSION = YES;
				CLANG_WARN_OBJC_ROOT_CLASS = YES_ERROR;
				CLANG_WARN_QUOTED_INCLUDE_IN_FRAMEWORK_HEADER = YES;
				CLANG_WARN_RANGE_LOOP_ANALYSIS = YES;
				CLANG_WARN_STRICT_PROTOTYPES = YES;
				CLANG_WARN_SUSPICIOUS_MOVE = YES;
				CLANG_WARN_UNGUARDED_AVAILABILITY = YES_AGGRESSIVE;
				CLANG_WARN_UNREACHABLE_CODE = YES;
				CLANG_WARN__DUPLICATE_METHOD_MATCH = YES;
				COPY_PHASE_STRIP = NO;
				DEBUG_INFORMATION_FORMAT = dwarf;
				ENABLE_STRICT_OBJC_MSGSEND = YES;
				ENABLE_TESTABILITY = YES;
				GCC_C_LANGUAGE_STANDARD = gnu11;
				GCC_DYNAMIC_NO_PIC = NO;
				GCC_NO_COMMON_BLOCKS = YES;
				GCC_OPTIMIZATION_LEVEL = 0;
				GCC_PREPROCESSOR_DEFINITIONS = (
					"DEBUG=1",
					"$(inherited)",
				);
				GCC_WARN_64_TO_32_BIT_CONVERSION = YES;
				GCC_WARN_ABOUT_RETURN_TYPE = YES_ERROR;
				GCC_WARN_UNDECLARED_SELECTOR = YES;
				GCC_WARN_UNINITIALIZED_AUTOS = YES_AGGRESSIVE;
				GCC_WARN_UNUSED_FUNCTION = YES;
				GCC_WARN_UNUSED_VARIABLE = YES;
				IPHONEOS_DEPLOYMENT_TARGET = 14.4;
				MTL_ENABLE_DEBUG_INFO = INCLUDE_SOURCE;
				MTL_FAST_MATH = YES;
				ONLY_ACTIVE_ARCH = YES;
				SDKROOT = iphoneos;
				SWIFT_ACTIVE_COMPILATION_CONDITIONS = DEBUG;
				SWIFT_OPTIMIZATION_LEVEL = "-Onone";
			};
			name = Debug;
		};
		9E40179D26710ABB00D269CC /* Release */ = {
			isa = XCBuildConfiguration;
			buildSettings = {
				ALWAYS_SEARCH_USER_PATHS = NO;
				CLANG_ANALYZER_NONNULL = YES;
				CLANG_ANALYZER_NUMBER_OBJECT_CONVERSION = YES_AGGRESSIVE;
				CLANG_CXX_LANGUAGE_STANDARD = "gnu++14";
				CLANG_CXX_LIBRARY = "libc++";
				CLANG_ENABLE_MODULES = YES;
				CLANG_ENABLE_OBJC_ARC = YES;
				CLANG_ENABLE_OBJC_WEAK = YES;
				CLANG_WARN_BLOCK_CAPTURE_AUTORELEASING = YES;
				CLANG_WARN_BOOL_CONVERSION = YES;
				CLANG_WARN_COMMA = YES;
				CLANG_WARN_CONSTANT_CONVERSION = YES;
				CLANG_WARN_DEPRECATED_OBJC_IMPLEMENTATIONS = YES;
				CLANG_WARN_DIRECT_OBJC_ISA_USAGE = YES_ERROR;
				CLANG_WARN_DOCUMENTATION_COMMENTS = YES;
				CLANG_WARN_EMPTY_BODY = YES;
				CLANG_WARN_ENUM_CONVERSION = YES;
				CLANG_WARN_INFINITE_RECURSION = YES;
				CLANG_WARN_INT_CONVERSION = YES;
				CLANG_WARN_NON_LITERAL_NULL_CONVERSION = YES;
				CLANG_WARN_OBJC_IMPLICIT_RETAIN_SELF = YES;
				CLANG_WARN_OBJC_LITERAL_CONVERSION = YES;
				CLANG_WARN_OBJC_ROOT_CLASS = YES_ERROR;
				CLANG_WARN_QUOTED_INCLUDE_IN_FRAMEWORK_HEADER = YES;
				CLANG_WARN_RANGE_LOOP_ANALYSIS = YES;
				CLANG_WARN_STRICT_PROTOTYPES = YES;
				CLANG_WARN_SUSPICIOUS_MOVE = YES;
				CLANG_WARN_UNGUARDED_AVAILABILITY = YES_AGGRESSIVE;
				CLANG_WARN_UNREACHABLE_CODE = YES;
				CLANG_WARN__DUPLICATE_METHOD_MATCH = YES;
				COPY_PHASE_STRIP = NO;
				DEBUG_INFORMATION_FORMAT = "dwarf-with-dsym";
				ENABLE_NS_ASSERTIONS = NO;
				ENABLE_STRICT_OBJC_MSGSEND = YES;
				GCC_C_LANGUAGE_STANDARD = gnu11;
				GCC_NO_COMMON_BLOCKS = YES;
				GCC_WARN_64_TO_32_BIT_CONVERSION = YES;
				GCC_WARN_ABOUT_RETURN_TYPE = YES_ERROR;
				GCC_WARN_UNDECLARED_SELECTOR = YES;
				GCC_WARN_UNINITIALIZED_AUTOS = YES_AGGRESSIVE;
				GCC_WARN_UNUSED_FUNCTION = YES;
				GCC_WARN_UNUSED_VARIABLE = YES;
				IPHONEOS_DEPLOYMENT_TARGET = 14.4;
				MTL_ENABLE_DEBUG_INFO = NO;
				MTL_FAST_MATH = YES;
				SDKROOT = iphoneos;
				SWIFT_COMPILATION_MODE = wholemodule;
				SWIFT_OPTIMIZATION_LEVEL = "-O";
				VALIDATE_PRODUCT = YES;
			};
			name = Release;
		};
		9E40179F26710ABB00D269CC /* Debug */ = {
			isa = XCBuildConfiguration;
			buildSettings = {
				ALWAYS_EMBED_SWIFT_STANDARD_LIBRARIES = "$(inherited)";
				ASSETCATALOG_COMPILER_APPICON_NAME = AppIcon;
				ASSETCATALOG_COMPILER_GLOBAL_ACCENT_COLOR_NAME = AccentColor;
				CODE_SIGN_ENTITLEMENTS = CordialDemo_SwiftUI/CordialDemo_SwiftUI.entitlements;
				CODE_SIGN_STYLE = Automatic;
				CURRENT_PROJECT_VERSION = 1;
				DEVELOPMENT_ASSET_PATHS = "\"CordialDemo_SwiftUI/Preview Content\"";
				DEVELOPMENT_TEAM = 6FB5FHVWQQ;
				ENABLE_PREVIEWS = YES;
				INFOPLIST_FILE = CordialDemo_SwiftUI/Info.plist;
				IPHONEOS_DEPLOYMENT_TARGET = 14.0;
				LD_RUNPATH_SEARCH_PATHS = (
					"$(inherited)",
					"@executable_path/Frameworks",
				);
				MARKETING_VERSION = 1.0;
				PRODUCT_BUNDLE_IDENTIFIER = io.cordial.sdk.demo.app;
				PRODUCT_NAME = "$(TARGET_NAME)";
				SWIFT_VERSION = 5.0;
				TARGETED_DEVICE_FAMILY = "1,2";
			};
			name = Debug;
		};
		9E4017A026710ABB00D269CC /* Release */ = {
			isa = XCBuildConfiguration;
			buildSettings = {
				ALWAYS_EMBED_SWIFT_STANDARD_LIBRARIES = "$(inherited)";
				ASSETCATALOG_COMPILER_APPICON_NAME = AppIcon;
				ASSETCATALOG_COMPILER_GLOBAL_ACCENT_COLOR_NAME = AccentColor;
				CODE_SIGN_ENTITLEMENTS = CordialDemo_SwiftUI/CordialDemo_SwiftUI.entitlements;
				CODE_SIGN_STYLE = Automatic;
				CURRENT_PROJECT_VERSION = 1;
				DEVELOPMENT_ASSET_PATHS = "\"CordialDemo_SwiftUI/Preview Content\"";
				DEVELOPMENT_TEAM = 6FB5FHVWQQ;
				ENABLE_PREVIEWS = YES;
				INFOPLIST_FILE = CordialDemo_SwiftUI/Info.plist;
				IPHONEOS_DEPLOYMENT_TARGET = 14.0;
				LD_RUNPATH_SEARCH_PATHS = (
					"$(inherited)",
					"@executable_path/Frameworks",
				);
				MARKETING_VERSION = 1.0;
				PRODUCT_BUNDLE_IDENTIFIER = io.cordial.sdk.demo.app;
				PRODUCT_NAME = "$(TARGET_NAME)";
				SWIFT_VERSION = 5.0;
				TARGETED_DEVICE_FAMILY = "1,2";
			};
			name = Release;
		};
		9E4017A226710ABB00D269CC /* Debug */ = {
			isa = XCBuildConfiguration;
			buildSettings = {
				ALWAYS_EMBED_SWIFT_STANDARD_LIBRARIES = "$(inherited)";
				BUNDLE_LOADER = "$(TEST_HOST)";
				CODE_SIGN_STYLE = Automatic;
				DEVELOPMENT_TEAM = 6FB5FHVWQQ;
				INFOPLIST_FILE = CordialDemo_SwiftUITests/Info.plist;
				IPHONEOS_DEPLOYMENT_TARGET = 14.0;
				LD_RUNPATH_SEARCH_PATHS = (
					"$(inherited)",
					"@executable_path/Frameworks",
					"@loader_path/Frameworks",
				);
				PRODUCT_BUNDLE_IDENTIFIER = "io.cordial.sdk.demo.app.swiftUI.CordialDemo-SwiftUITests";
				PRODUCT_NAME = "$(TARGET_NAME)";
				SWIFT_VERSION = 5.0;
				TARGETED_DEVICE_FAMILY = "1,2";
				TEST_HOST = "$(BUILT_PRODUCTS_DIR)/CordialDemo_SwiftUI.app/CordialDemo_SwiftUI";
			};
			name = Debug;
		};
		9E4017A326710ABB00D269CC /* Release */ = {
			isa = XCBuildConfiguration;
			buildSettings = {
				ALWAYS_EMBED_SWIFT_STANDARD_LIBRARIES = "$(inherited)";
				BUNDLE_LOADER = "$(TEST_HOST)";
				CODE_SIGN_STYLE = Automatic;
				DEVELOPMENT_TEAM = 6FB5FHVWQQ;
				INFOPLIST_FILE = CordialDemo_SwiftUITests/Info.plist;
				IPHONEOS_DEPLOYMENT_TARGET = 14.0;
				LD_RUNPATH_SEARCH_PATHS = (
					"$(inherited)",
					"@executable_path/Frameworks",
					"@loader_path/Frameworks",
				);
				PRODUCT_BUNDLE_IDENTIFIER = "io.cordial.sdk.demo.app.swiftUI.CordialDemo-SwiftUITests";
				PRODUCT_NAME = "$(TARGET_NAME)";
				SWIFT_VERSION = 5.0;
				TARGETED_DEVICE_FAMILY = "1,2";
				TEST_HOST = "$(BUILT_PRODUCTS_DIR)/CordialDemo_SwiftUI.app/CordialDemo_SwiftUI";
			};
			name = Release;
		};
		9E4017A526710ABB00D269CC /* Debug */ = {
			isa = XCBuildConfiguration;
			buildSettings = {
				ALWAYS_EMBED_SWIFT_STANDARD_LIBRARIES = "$(inherited)";
				CODE_SIGN_STYLE = Automatic;
				DEVELOPMENT_TEAM = 6FB5FHVWQQ;
				INFOPLIST_FILE = CordialDemo_SwiftUIUITests/Info.plist;
				LD_RUNPATH_SEARCH_PATHS = (
					"$(inherited)",
					"@executable_path/Frameworks",
					"@loader_path/Frameworks",
				);
				PRODUCT_BUNDLE_IDENTIFIER = "io.cordial.sdk.demo.app.swiftUI.CordialDemo-SwiftUIUITests";
				PRODUCT_NAME = "$(TARGET_NAME)";
				SWIFT_VERSION = 5.0;
				TARGETED_DEVICE_FAMILY = "1,2";
				TEST_TARGET_NAME = CordialDemo_SwiftUI;
			};
			name = Debug;
		};
		9E4017A626710ABB00D269CC /* Release */ = {
			isa = XCBuildConfiguration;
			buildSettings = {
				ALWAYS_EMBED_SWIFT_STANDARD_LIBRARIES = "$(inherited)";
				CODE_SIGN_STYLE = Automatic;
				DEVELOPMENT_TEAM = 6FB5FHVWQQ;
				INFOPLIST_FILE = CordialDemo_SwiftUIUITests/Info.plist;
				LD_RUNPATH_SEARCH_PATHS = (
					"$(inherited)",
					"@executable_path/Frameworks",
					"@loader_path/Frameworks",
				);
				PRODUCT_BUNDLE_IDENTIFIER = "io.cordial.sdk.demo.app.swiftUI.CordialDemo-SwiftUIUITests";
				PRODUCT_NAME = "$(TARGET_NAME)";
				SWIFT_VERSION = 5.0;
				TARGETED_DEVICE_FAMILY = "1,2";
				TEST_TARGET_NAME = CordialDemo_SwiftUI;
			};
			name = Release;
		};
		9E8BB33F280359C100F3B24E /* Debug */ = {
			isa = XCBuildConfiguration;
			buildSettings = {
				CLANG_CXX_LANGUAGE_STANDARD = "gnu++17";
				CODE_SIGN_ENTITLEMENTS = NotificationContentExtension/NotificationContentExtension.entitlements;
				CODE_SIGN_STYLE = Automatic;
				CURRENT_PROJECT_VERSION = 1;
				DEVELOPMENT_TEAM = 6FB5FHVWQQ;
				GENERATE_INFOPLIST_FILE = YES;
				INFOPLIST_FILE = NotificationContentExtension/Info.plist;
				INFOPLIST_KEY_CFBundleDisplayName = NotificationContentExtension;
				INFOPLIST_KEY_NSHumanReadableCopyright = "";
				IPHONEOS_DEPLOYMENT_TARGET = 14.0;
				LD_RUNPATH_SEARCH_PATHS = (
					"$(inherited)",
					"@executable_path/Frameworks",
					"@executable_path/../../Frameworks",
				);
				MARKETING_VERSION = 1.0;
				PRODUCT_BUNDLE_IDENTIFIER = io.cordial.sdk.demo.app.NotificationContentExtension;
				PRODUCT_NAME = "$(TARGET_NAME)";
				SKIP_INSTALL = YES;
				SWIFT_EMIT_LOC_STRINGS = YES;
				SWIFT_VERSION = 5.0;
				TARGETED_DEVICE_FAMILY = "1,2";
			};
			name = Debug;
		};
		9E8BB340280359C100F3B24E /* Release */ = {
			isa = XCBuildConfiguration;
			buildSettings = {
				CLANG_CXX_LANGUAGE_STANDARD = "gnu++17";
				CODE_SIGN_ENTITLEMENTS = NotificationContentExtension/NotificationContentExtension.entitlements;
				CODE_SIGN_STYLE = Automatic;
				CURRENT_PROJECT_VERSION = 1;
				DEVELOPMENT_TEAM = 6FB5FHVWQQ;
				GENERATE_INFOPLIST_FILE = YES;
				INFOPLIST_FILE = NotificationContentExtension/Info.plist;
				INFOPLIST_KEY_CFBundleDisplayName = NotificationContentExtension;
				INFOPLIST_KEY_NSHumanReadableCopyright = "";
				IPHONEOS_DEPLOYMENT_TARGET = 14.0;
				LD_RUNPATH_SEARCH_PATHS = (
					"$(inherited)",
					"@executable_path/Frameworks",
					"@executable_path/../../Frameworks",
				);
				MARKETING_VERSION = 1.0;
				PRODUCT_BUNDLE_IDENTIFIER = io.cordial.sdk.demo.app.NotificationContentExtension;
				PRODUCT_NAME = "$(TARGET_NAME)";
				SKIP_INSTALL = YES;
				SWIFT_EMIT_LOC_STRINGS = YES;
				SWIFT_VERSION = 5.0;
				TARGETED_DEVICE_FAMILY = "1,2";
			};
			name = Release;
		};
		9E91B1AC26A345D50052AB19 /* Debug */ = {
			isa = XCBuildConfiguration;
			buildSettings = {
				CODE_SIGN_STYLE = Automatic;
				CURRENT_PROJECT_VERSION = 1;
				DEVELOPMENT_TEAM = 6FB5FHVWQQ;
				INFOPLIST_FILE = NotificationServiceExtension/Info.plist;
				IPHONEOS_DEPLOYMENT_TARGET = 14.0;
				LD_RUNPATH_SEARCH_PATHS = (
					"$(inherited)",
					"@executable_path/Frameworks",
					"@executable_path/../../Frameworks",
				);
				MARKETING_VERSION = 1.0;
				PRODUCT_BUNDLE_IDENTIFIER = io.cordial.sdk.demo.app.NotificationServiceExtension;
				PRODUCT_NAME = "$(TARGET_NAME)";
				SKIP_INSTALL = YES;
				SWIFT_VERSION = 5.0;
				TARGETED_DEVICE_FAMILY = "1,2";
			};
			name = Debug;
		};
		9E91B1AD26A345D50052AB19 /* Release */ = {
			isa = XCBuildConfiguration;
			buildSettings = {
				CODE_SIGN_STYLE = Automatic;
				CURRENT_PROJECT_VERSION = 1;
				DEVELOPMENT_TEAM = 6FB5FHVWQQ;
				INFOPLIST_FILE = NotificationServiceExtension/Info.plist;
				IPHONEOS_DEPLOYMENT_TARGET = 14.0;
				LD_RUNPATH_SEARCH_PATHS = (
					"$(inherited)",
					"@executable_path/Frameworks",
					"@executable_path/../../Frameworks",
				);
				MARKETING_VERSION = 1.0;
				PRODUCT_BUNDLE_IDENTIFIER = io.cordial.sdk.demo.app.NotificationServiceExtension;
				PRODUCT_NAME = "$(TARGET_NAME)";
				SKIP_INSTALL = YES;
				SWIFT_VERSION = 5.0;
				TARGETED_DEVICE_FAMILY = "1,2";
			};
			name = Release;
		};
/* End XCBuildConfiguration section */

/* Begin XCConfigurationList section */
		9E40177426710AB800D269CC /* Build configuration list for PBXProject "CordialDemo_SwiftUI" */ = {
			isa = XCConfigurationList;
			buildConfigurations = (
				9E40179C26710ABB00D269CC /* Debug */,
				9E40179D26710ABB00D269CC /* Release */,
			);
			defaultConfigurationIsVisible = 0;
			defaultConfigurationName = Release;
		};
		9E40179E26710ABB00D269CC /* Build configuration list for PBXNativeTarget "CordialDemo_SwiftUI" */ = {
			isa = XCConfigurationList;
			buildConfigurations = (
				9E40179F26710ABB00D269CC /* Debug */,
				9E4017A026710ABB00D269CC /* Release */,
			);
			defaultConfigurationIsVisible = 0;
			defaultConfigurationName = Release;
		};
		9E4017A126710ABB00D269CC /* Build configuration list for PBXNativeTarget "CordialDemo_SwiftUITests" */ = {
			isa = XCConfigurationList;
			buildConfigurations = (
				9E4017A226710ABB00D269CC /* Debug */,
				9E4017A326710ABB00D269CC /* Release */,
			);
			defaultConfigurationIsVisible = 0;
			defaultConfigurationName = Release;
		};
		9E4017A426710ABB00D269CC /* Build configuration list for PBXNativeTarget "CordialDemo_SwiftUIUITests" */ = {
			isa = XCConfigurationList;
			buildConfigurations = (
				9E4017A526710ABB00D269CC /* Debug */,
				9E4017A626710ABB00D269CC /* Release */,
			);
			defaultConfigurationIsVisible = 0;
			defaultConfigurationName = Release;
		};
		9E8BB33E280359C100F3B24E /* Build configuration list for PBXNativeTarget "NotificationContentExtension" */ = {
			isa = XCConfigurationList;
			buildConfigurations = (
				9E8BB33F280359C100F3B24E /* Debug */,
				9E8BB340280359C100F3B24E /* Release */,
			);
			defaultConfigurationIsVisible = 0;
			defaultConfigurationName = Release;
		};
		9E91B1AB26A345D50052AB19 /* Build configuration list for PBXNativeTarget "NotificationServiceExtension" */ = {
			isa = XCConfigurationList;
			buildConfigurations = (
				9E91B1AC26A345D50052AB19 /* Debug */,
				9E91B1AD26A345D50052AB19 /* Release */,
			);
			defaultConfigurationIsVisible = 0;
			defaultConfigurationName = Release;
		};
/* End XCConfigurationList section */
	};
	rootObject = 9E40177126710AB800D269CC /* Project object */;
}
