// !$*UTF8*$!
{
	archiveVersion = 1;
	classes = {
	};
	objectVersion = 50;
	objects = {

/* Begin PBXBuildFile section */
		788EB39107CA71F008FF3481 /* Pods_CordialDemo_SwiftUITests.framework in Frameworks */ = {isa = PBXBuildFile; fileRef = 4B348EDCC677698A62131954 /* Pods_CordialDemo_SwiftUITests.framework */; };
		8A157E175C7F10FC0E04784C /* Pods_CordialDemo_SwiftUI.framework in Frameworks */ = {isa = PBXBuildFile; fileRef = F0FBF1A437281B31A76AD317 /* Pods_CordialDemo_SwiftUI.framework */; };
		9DAE2F9C2E162AAE33F8925F /* Pods_CordialDemo_SwiftUI_CordialDemo_SwiftUIUITests.framework in Frameworks */ = {isa = PBXBuildFile; fileRef = 59AEE76A5DF5B9FA75AE71E8 /* Pods_CordialDemo_SwiftUI_CordialDemo_SwiftUIUITests.framework */; };
		9E40177D26710AB800D269CC /* CordialDemo_SwiftUIApp.swift in Sources */ = {isa = PBXBuildFile; fileRef = 9E40177C26710AB800D269CC /* CordialDemo_SwiftUIApp.swift */; };
		9E40177F26710AB800D269CC /* ContentView.swift in Sources */ = {isa = PBXBuildFile; fileRef = 9E40177E26710AB800D269CC /* ContentView.swift */; };
		9E40178126710ABA00D269CC /* Assets.xcassets in Resources */ = {isa = PBXBuildFile; fileRef = 9E40178026710ABA00D269CC /* Assets.xcassets */; };
		9E40178426710ABA00D269CC /* Preview Assets.xcassets in Resources */ = {isa = PBXBuildFile; fileRef = 9E40178326710ABA00D269CC /* Preview Assets.xcassets */; };
		9E40178F26710ABB00D269CC /* CordialDemo_SwiftUITests.swift in Sources */ = {isa = PBXBuildFile; fileRef = 9E40178E26710ABB00D269CC /* CordialDemo_SwiftUITests.swift */; };
		9E40179A26710ABB00D269CC /* CordialDemo_SwiftUIUITests.swift in Sources */ = {isa = PBXBuildFile; fileRef = 9E40179926710ABB00D269CC /* CordialDemo_SwiftUIUITests.swift */; };
		9E4018562672356800D269CC /* CatalogView.swift in Sources */ = {isa = PBXBuildFile; fileRef = 9E4018552672356800D269CC /* CatalogView.swift */; };
		9E40185E2672360100D269CC /* ProductView.swift in Sources */ = {isa = PBXBuildFile; fileRef = 9E40185D2672360100D269CC /* ProductView.swift */; };
		9E40188D26728C1300D269CC /* DeepLinksView.swift in Sources */ = {isa = PBXBuildFile; fileRef = 9E40188C26728C1300D269CC /* DeepLinksView.swift */; };
		9E40189326728C5F00D269CC /* ProductHandler.swift in Sources */ = {isa = PBXBuildFile; fileRef = 9E40189226728C5F00D269CC /* ProductHandler.swift */; };
		9E40189826728C8700D269CC /* Product.swift in Sources */ = {isa = PBXBuildFile; fileRef = 9E40189726728C8700D269CC /* Product.swift */; };
		9E4018B926729BCC00D269CC /* DeepLinks.swift in Sources */ = {isa = PBXBuildFile; fileRef = 9E4018B826729BCC00D269CC /* DeepLinks.swift */; };
		9ECE054B2678C63D00864428 /* DeepLinksHandler.swift in Sources */ = {isa = PBXBuildFile; fileRef = 9ECE054A2678C63D00864428 /* DeepLinksHandler.swift */; };
		9ECE054E2678C89700864428 /* PushNotificationHandler.swift in Sources */ = {isa = PBXBuildFile; fileRef = 9ECE054D2678C89700864428 /* PushNotificationHandler.swift */; };
/* End PBXBuildFile section */

/* Begin PBXContainerItemProxy section */
		9E40178B26710ABB00D269CC /* PBXContainerItemProxy */ = {
			isa = PBXContainerItemProxy;
			containerPortal = 9E40177126710AB800D269CC /* Project object */;
			proxyType = 1;
			remoteGlobalIDString = 9E40177826710AB800D269CC;
			remoteInfo = CordialDemo_SwiftUI;
		};
		9E40179626710ABB00D269CC /* PBXContainerItemProxy */ = {
			isa = PBXContainerItemProxy;
			containerPortal = 9E40177126710AB800D269CC /* Project object */;
			proxyType = 1;
			remoteGlobalIDString = 9E40177826710AB800D269CC;
			remoteInfo = CordialDemo_SwiftUI;
		};
/* End PBXContainerItemProxy section */

/* Begin PBXCopyFilesBuildPhase section */
		9ECE05342677BB5E00864428 /* Embed Frameworks */ = {
			isa = PBXCopyFilesBuildPhase;
			buildActionMask = 2147483647;
			dstPath = "";
			dstSubfolderSpec = 10;
			files = (
			);
			name = "Embed Frameworks";
			runOnlyForDeploymentPostprocessing = 0;
		};
/* End PBXCopyFilesBuildPhase section */

/* Begin PBXFileReference section */
		2757C95BD5712BEE695A2BDD /* Pods-CordialDemo_SwiftUI-CordialDemo_SwiftUIUITests.debug.xcconfig */ = {isa = PBXFileReference; includeInIndex = 1; lastKnownFileType = text.xcconfig; name = "Pods-CordialDemo_SwiftUI-CordialDemo_SwiftUIUITests.debug.xcconfig"; path = "Target Support Files/Pods-CordialDemo_SwiftUI-CordialDemo_SwiftUIUITests/Pods-CordialDemo_SwiftUI-CordialDemo_SwiftUIUITests.debug.xcconfig"; sourceTree = "<group>"; };
		4B348EDCC677698A62131954 /* Pods_CordialDemo_SwiftUITests.framework */ = {isa = PBXFileReference; explicitFileType = wrapper.framework; includeInIndex = 0; path = Pods_CordialDemo_SwiftUITests.framework; sourceTree = BUILT_PRODUCTS_DIR; };
		59AEE76A5DF5B9FA75AE71E8 /* Pods_CordialDemo_SwiftUI_CordialDemo_SwiftUIUITests.framework */ = {isa = PBXFileReference; explicitFileType = wrapper.framework; includeInIndex = 0; path = Pods_CordialDemo_SwiftUI_CordialDemo_SwiftUIUITests.framework; sourceTree = BUILT_PRODUCTS_DIR; };
		5E3560CFCED369ABD4818BA9 /* Pods-CordialDemo_SwiftUITests.release.xcconfig */ = {isa = PBXFileReference; includeInIndex = 1; lastKnownFileType = text.xcconfig; name = "Pods-CordialDemo_SwiftUITests.release.xcconfig"; path = "Target Support Files/Pods-CordialDemo_SwiftUITests/Pods-CordialDemo_SwiftUITests.release.xcconfig"; sourceTree = "<group>"; };
		9E40177926710AB800D269CC /* CordialDemo_SwiftUI.app */ = {isa = PBXFileReference; explicitFileType = wrapper.application; includeInIndex = 0; path = CordialDemo_SwiftUI.app; sourceTree = BUILT_PRODUCTS_DIR; };
		9E40177C26710AB800D269CC /* CordialDemo_SwiftUIApp.swift */ = {isa = PBXFileReference; lastKnownFileType = sourcecode.swift; path = CordialDemo_SwiftUIApp.swift; sourceTree = "<group>"; };
		9E40177E26710AB800D269CC /* ContentView.swift */ = {isa = PBXFileReference; lastKnownFileType = sourcecode.swift; path = ContentView.swift; sourceTree = "<group>"; };
		9E40178026710ABA00D269CC /* Assets.xcassets */ = {isa = PBXFileReference; lastKnownFileType = folder.assetcatalog; path = Assets.xcassets; sourceTree = "<group>"; };
		9E40178326710ABA00D269CC /* Preview Assets.xcassets */ = {isa = PBXFileReference; lastKnownFileType = folder.assetcatalog; path = "Preview Assets.xcassets"; sourceTree = "<group>"; };
		9E40178526710ABA00D269CC /* Info.plist */ = {isa = PBXFileReference; lastKnownFileType = text.plist.xml; path = Info.plist; sourceTree = "<group>"; };
		9E40178A26710ABB00D269CC /* CordialDemo_SwiftUITests.xctest */ = {isa = PBXFileReference; explicitFileType = wrapper.cfbundle; includeInIndex = 0; path = CordialDemo_SwiftUITests.xctest; sourceTree = BUILT_PRODUCTS_DIR; };
		9E40178E26710ABB00D269CC /* CordialDemo_SwiftUITests.swift */ = {isa = PBXFileReference; lastKnownFileType = sourcecode.swift; path = CordialDemo_SwiftUITests.swift; sourceTree = "<group>"; };
		9E40179026710ABB00D269CC /* Info.plist */ = {isa = PBXFileReference; lastKnownFileType = text.plist.xml; path = Info.plist; sourceTree = "<group>"; };
		9E40179526710ABB00D269CC /* CordialDemo_SwiftUIUITests.xctest */ = {isa = PBXFileReference; explicitFileType = wrapper.cfbundle; includeInIndex = 0; path = CordialDemo_SwiftUIUITests.xctest; sourceTree = BUILT_PRODUCTS_DIR; };
		9E40179926710ABB00D269CC /* CordialDemo_SwiftUIUITests.swift */ = {isa = PBXFileReference; lastKnownFileType = sourcecode.swift; path = CordialDemo_SwiftUIUITests.swift; sourceTree = "<group>"; };
		9E40179B26710ABB00D269CC /* Info.plist */ = {isa = PBXFileReference; lastKnownFileType = text.plist.xml; path = Info.plist; sourceTree = "<group>"; };
		9E4018552672356800D269CC /* CatalogView.swift */ = {isa = PBXFileReference; lastKnownFileType = sourcecode.swift; path = CatalogView.swift; sourceTree = "<group>"; };
		9E40185D2672360100D269CC /* ProductView.swift */ = {isa = PBXFileReference; lastKnownFileType = sourcecode.swift; path = ProductView.swift; sourceTree = "<group>"; };
		9E40187B2672509200D269CC /* CordialDemo_SwiftUI.entitlements */ = {isa = PBXFileReference; lastKnownFileType = text.plist.entitlements; path = CordialDemo_SwiftUI.entitlements; sourceTree = "<group>"; };
		9E40188C26728C1300D269CC /* DeepLinksView.swift */ = {isa = PBXFileReference; lastKnownFileType = sourcecode.swift; path = DeepLinksView.swift; sourceTree = "<group>"; };
		9E40189226728C5F00D269CC /* ProductHandler.swift */ = {isa = PBXFileReference; lastKnownFileType = sourcecode.swift; path = ProductHandler.swift; sourceTree = "<group>"; };
		9E40189726728C8700D269CC /* Product.swift */ = {isa = PBXFileReference; lastKnownFileType = sourcecode.swift; path = Product.swift; sourceTree = "<group>"; };
		9E4018B826729BCC00D269CC /* DeepLinks.swift */ = {isa = PBXFileReference; lastKnownFileType = sourcecode.swift; path = DeepLinks.swift; sourceTree = "<group>"; };
		9ECE054A2678C63D00864428 /* DeepLinksHandler.swift */ = {isa = PBXFileReference; lastKnownFileType = sourcecode.swift; path = DeepLinksHandler.swift; sourceTree = "<group>"; };
		9ECE054D2678C89700864428 /* PushNotificationHandler.swift */ = {isa = PBXFileReference; lastKnownFileType = sourcecode.swift; path = PushNotificationHandler.swift; sourceTree = "<group>"; };
		BEA3F38223157E342215839E /* Pods-CordialDemo_SwiftUI.release.xcconfig */ = {isa = PBXFileReference; includeInIndex = 1; lastKnownFileType = text.xcconfig; name = "Pods-CordialDemo_SwiftUI.release.xcconfig"; path = "Target Support Files/Pods-CordialDemo_SwiftUI/Pods-CordialDemo_SwiftUI.release.xcconfig"; sourceTree = "<group>"; };
		C8BAB9BC650ACFC36540B80F /* Pods-CordialDemo_SwiftUI-CordialDemo_SwiftUIUITests.release.xcconfig */ = {isa = PBXFileReference; includeInIndex = 1; lastKnownFileType = text.xcconfig; name = "Pods-CordialDemo_SwiftUI-CordialDemo_SwiftUIUITests.release.xcconfig"; path = "Target Support Files/Pods-CordialDemo_SwiftUI-CordialDemo_SwiftUIUITests/Pods-CordialDemo_SwiftUI-CordialDemo_SwiftUIUITests.release.xcconfig"; sourceTree = "<group>"; };
		E6F9EAF4C9E5FCAA49DF241B /* Pods-CordialDemo_SwiftUITests.debug.xcconfig */ = {isa = PBXFileReference; includeInIndex = 1; lastKnownFileType = text.xcconfig; name = "Pods-CordialDemo_SwiftUITests.debug.xcconfig"; path = "Target Support Files/Pods-CordialDemo_SwiftUITests/Pods-CordialDemo_SwiftUITests.debug.xcconfig"; sourceTree = "<group>"; };
		F0FBF1A437281B31A76AD317 /* Pods_CordialDemo_SwiftUI.framework */ = {isa = PBXFileReference; explicitFileType = wrapper.framework; includeInIndex = 0; path = Pods_CordialDemo_SwiftUI.framework; sourceTree = BUILT_PRODUCTS_DIR; };
		F4B337DB1E7134FCDF6C819A /* Pods-CordialDemo_SwiftUI.debug.xcconfig */ = {isa = PBXFileReference; includeInIndex = 1; lastKnownFileType = text.xcconfig; name = "Pods-CordialDemo_SwiftUI.debug.xcconfig"; path = "Target Support Files/Pods-CordialDemo_SwiftUI/Pods-CordialDemo_SwiftUI.debug.xcconfig"; sourceTree = "<group>"; };
/* End PBXFileReference section */

/* Begin PBXFrameworksBuildPhase section */
		9E40177626710AB800D269CC /* Frameworks */ = {
			isa = PBXFrameworksBuildPhase;
			buildActionMask = 2147483647;
			files = (
				8A157E175C7F10FC0E04784C /* Pods_CordialDemo_SwiftUI.framework in Frameworks */,
			);
			runOnlyForDeploymentPostprocessing = 0;
		};
		9E40178726710ABB00D269CC /* Frameworks */ = {
			isa = PBXFrameworksBuildPhase;
			buildActionMask = 2147483647;
			files = (
				788EB39107CA71F008FF3481 /* Pods_CordialDemo_SwiftUITests.framework in Frameworks */,
			);
			runOnlyForDeploymentPostprocessing = 0;
		};
		9E40179226710ABB00D269CC /* Frameworks */ = {
			isa = PBXFrameworksBuildPhase;
			buildActionMask = 2147483647;
			files = (
				9DAE2F9C2E162AAE33F8925F /* Pods_CordialDemo_SwiftUI_CordialDemo_SwiftUIUITests.framework in Frameworks */,
			);
			runOnlyForDeploymentPostprocessing = 0;
		};
/* End PBXFrameworksBuildPhase section */

/* Begin PBXGroup section */
		531EF49D8E1BA921B416E598 /* Pods */ = {
			isa = PBXGroup;
			children = (
				F4B337DB1E7134FCDF6C819A /* Pods-CordialDemo_SwiftUI.debug.xcconfig */,
				BEA3F38223157E342215839E /* Pods-CordialDemo_SwiftUI.release.xcconfig */,
				2757C95BD5712BEE695A2BDD /* Pods-CordialDemo_SwiftUI-CordialDemo_SwiftUIUITests.debug.xcconfig */,
				C8BAB9BC650ACFC36540B80F /* Pods-CordialDemo_SwiftUI-CordialDemo_SwiftUIUITests.release.xcconfig */,
				E6F9EAF4C9E5FCAA49DF241B /* Pods-CordialDemo_SwiftUITests.debug.xcconfig */,
				5E3560CFCED369ABD4818BA9 /* Pods-CordialDemo_SwiftUITests.release.xcconfig */,
			);
			path = Pods;
			sourceTree = "<group>";
		};
		9E40177026710AB800D269CC = {
			isa = PBXGroup;
			children = (
				9E40177B26710AB800D269CC /* CordialDemo_SwiftUI */,
				9E40178D26710ABB00D269CC /* CordialDemo_SwiftUITests */,
				9E40179826710ABB00D269CC /* CordialDemo_SwiftUIUITests */,
				9E40177A26710AB800D269CC /* Products */,
				531EF49D8E1BA921B416E598 /* Pods */,
				C6ECD836EAF48D1A9185DB71 /* Frameworks */,
			);
			sourceTree = "<group>";
		};
		9E40177A26710AB800D269CC /* Products */ = {
			isa = PBXGroup;
			children = (
				9E40177926710AB800D269CC /* CordialDemo_SwiftUI.app */,
				9E40178A26710ABB00D269CC /* CordialDemo_SwiftUITests.xctest */,
				9E40179526710ABB00D269CC /* CordialDemo_SwiftUIUITests.xctest */,
			);
			name = Products;
			sourceTree = "<group>";
		};
		9E40177B26710AB800D269CC /* CordialDemo_SwiftUI */ = {
			isa = PBXGroup;
			children = (
				9E40189126728C5200D269CC /* ProductHandler */,
				9E40188B26728BBA00D269CC /* DeepLinks */,
				9ECE054C2678C87400864428 /* PushNotification */,
				9E4018542672354000D269CC /* Views */,
				9E40177C26710AB800D269CC /* CordialDemo_SwiftUIApp.swift */,
				9E40177E26710AB800D269CC /* ContentView.swift */,
				9E40187B2672509200D269CC /* CordialDemo_SwiftUI.entitlements */,
				9E40178026710ABA00D269CC /* Assets.xcassets */,
				9E40178526710ABA00D269CC /* Info.plist */,
				9E40178226710ABA00D269CC /* Preview Content */,
			);
			path = CordialDemo_SwiftUI;
			sourceTree = "<group>";
		};
		9E40178226710ABA00D269CC /* Preview Content */ = {
			isa = PBXGroup;
			children = (
				9E40178326710ABA00D269CC /* Preview Assets.xcassets */,
			);
			path = "Preview Content";
			sourceTree = "<group>";
		};
		9E40178D26710ABB00D269CC /* CordialDemo_SwiftUITests */ = {
			isa = PBXGroup;
			children = (
				9E40178E26710ABB00D269CC /* CordialDemo_SwiftUITests.swift */,
				9E40179026710ABB00D269CC /* Info.plist */,
			);
			path = CordialDemo_SwiftUITests;
			sourceTree = "<group>";
		};
		9E40179826710ABB00D269CC /* CordialDemo_SwiftUIUITests */ = {
			isa = PBXGroup;
			children = (
				9E40179926710ABB00D269CC /* CordialDemo_SwiftUIUITests.swift */,
				9E40179B26710ABB00D269CC /* Info.plist */,
			);
			path = CordialDemo_SwiftUIUITests;
			sourceTree = "<group>";
		};
		9E4018542672354000D269CC /* Views */ = {
			isa = PBXGroup;
			children = (
				9E40188C26728C1300D269CC /* DeepLinksView.swift */,
				9E4018552672356800D269CC /* CatalogView.swift */,
				9E40185D2672360100D269CC /* ProductView.swift */,
			);
			path = Views;
			sourceTree = "<group>";
		};
		9E40188B26728BBA00D269CC /* DeepLinks */ = {
			isa = PBXGroup;
			children = (
				9E4018B826729BCC00D269CC /* DeepLinks.swift */,
				9ECE054A2678C63D00864428 /* DeepLinksHandler.swift */,
			);
			path = DeepLinks;
			sourceTree = "<group>";
		};
		9E40189126728C5200D269CC /* ProductHandler */ = {
			isa = PBXGroup;
			children = (
				9E40189226728C5F00D269CC /* ProductHandler.swift */,
				9E40189726728C8700D269CC /* Product.swift */,
			);
			path = ProductHandler;
			sourceTree = "<group>";
		};
		9ECE054C2678C87400864428 /* PushNotification */ = {
			isa = PBXGroup;
			children = (
				9ECE054D2678C89700864428 /* PushNotificationHandler.swift */,
			);
			path = PushNotification;
			sourceTree = "<group>";
		};
		C6ECD836EAF48D1A9185DB71 /* Frameworks */ = {
			isa = PBXGroup;
			children = (
				F0FBF1A437281B31A76AD317 /* Pods_CordialDemo_SwiftUI.framework */,
				59AEE76A5DF5B9FA75AE71E8 /* Pods_CordialDemo_SwiftUI_CordialDemo_SwiftUIUITests.framework */,
				4B348EDCC677698A62131954 /* Pods_CordialDemo_SwiftUITests.framework */,
			);
			name = Frameworks;
			sourceTree = "<group>";
		};
/* End PBXGroup section */

/* Begin PBXNativeTarget section */
		9E40177826710AB800D269CC /* CordialDemo_SwiftUI */ = {
			isa = PBXNativeTarget;
			buildConfigurationList = 9E40179E26710ABB00D269CC /* Build configuration list for PBXNativeTarget "CordialDemo_SwiftUI" */;
			buildPhases = (
				F1115451D850B137D90B35E4 /* [CP] Check Pods Manifest.lock */,
				9E40177526710AB800D269CC /* Sources */,
				9E40177626710AB800D269CC /* Frameworks */,
				9E40177726710AB800D269CC /* Resources */,
				9ECE05342677BB5E00864428 /* Embed Frameworks */,
				4E1C2C7685D66C12A6467BB1 /* [CP] Embed Pods Frameworks */,
			);
			buildRules = (
			);
			dependencies = (
			);
			name = CordialDemo_SwiftUI;
			productName = CordialDemo_SwiftUI;
			productReference = 9E40177926710AB800D269CC /* CordialDemo_SwiftUI.app */;
			productType = "com.apple.product-type.application";
		};
		9E40178926710ABB00D269CC /* CordialDemo_SwiftUITests */ = {
			isa = PBXNativeTarget;
			buildConfigurationList = 9E4017A126710ABB00D269CC /* Build configuration list for PBXNativeTarget "CordialDemo_SwiftUITests" */;
			buildPhases = (
				8960226594B3399BB49C75F3 /* [CP] Check Pods Manifest.lock */,
				9E40178626710ABB00D269CC /* Sources */,
				9E40178726710ABB00D269CC /* Frameworks */,
				9E40178826710ABB00D269CC /* Resources */,
			);
			buildRules = (
			);
			dependencies = (
				9E40178C26710ABB00D269CC /* PBXTargetDependency */,
			);
			name = CordialDemo_SwiftUITests;
			productName = CordialDemo_SwiftUITests;
			productReference = 9E40178A26710ABB00D269CC /* CordialDemo_SwiftUITests.xctest */;
			productType = "com.apple.product-type.bundle.unit-test";
		};
		9E40179426710ABB00D269CC /* CordialDemo_SwiftUIUITests */ = {
			isa = PBXNativeTarget;
			buildConfigurationList = 9E4017A426710ABB00D269CC /* Build configuration list for PBXNativeTarget "CordialDemo_SwiftUIUITests" */;
			buildPhases = (
				28BDE623479E1F4085B38549 /* [CP] Check Pods Manifest.lock */,
				9E40179126710ABB00D269CC /* Sources */,
				9E40179226710ABB00D269CC /* Frameworks */,
				9E40179326710ABB00D269CC /* Resources */,
				B0B88FCD47E52144CFC4B3E1 /* [CP] Embed Pods Frameworks */,
			);
			buildRules = (
			);
			dependencies = (
				9E40179726710ABB00D269CC /* PBXTargetDependency */,
			);
			name = CordialDemo_SwiftUIUITests;
			productName = CordialDemo_SwiftUIUITests;
			productReference = 9E40179526710ABB00D269CC /* CordialDemo_SwiftUIUITests.xctest */;
			productType = "com.apple.product-type.bundle.ui-testing";
		};
/* End PBXNativeTarget section */

/* Begin PBXProject section */
		9E40177126710AB800D269CC /* Project object */ = {
			isa = PBXProject;
			attributes = {
				LastSwiftUpdateCheck = 1240;
				LastUpgradeCheck = 1240;
				TargetAttributes = {
					9E40177826710AB800D269CC = {
						CreatedOnToolsVersion = 12.4;
					};
					9E40178926710ABB00D269CC = {
						CreatedOnToolsVersion = 12.4;
						TestTargetID = 9E40177826710AB800D269CC;
					};
					9E40179426710ABB00D269CC = {
						CreatedOnToolsVersion = 12.4;
						TestTargetID = 9E40177826710AB800D269CC;
					};
				};
			};
			buildConfigurationList = 9E40177426710AB800D269CC /* Build configuration list for PBXProject "CordialDemo_SwiftUI" */;
			compatibilityVersion = "Xcode 9.3";
			developmentRegion = en;
			hasScannedForEncodings = 0;
			knownRegions = (
				en,
				Base,
			);
			mainGroup = 9E40177026710AB800D269CC;
			productRefGroup = 9E40177A26710AB800D269CC /* Products */;
			projectDirPath = "";
			projectRoot = "";
			targets = (
				9E40177826710AB800D269CC /* CordialDemo_SwiftUI */,
				9E40178926710ABB00D269CC /* CordialDemo_SwiftUITests */,
				9E40179426710ABB00D269CC /* CordialDemo_SwiftUIUITests */,
			);
		};
/* End PBXProject section */

/* Begin PBXResourcesBuildPhase section */
		9E40177726710AB800D269CC /* Resources */ = {
			isa = PBXResourcesBuildPhase;
			buildActionMask = 2147483647;
			files = (
				9E40178426710ABA00D269CC /* Preview Assets.xcassets in Resources */,
				9E40178126710ABA00D269CC /* Assets.xcassets in Resources */,
			);
			runOnlyForDeploymentPostprocessing = 0;
		};
		9E40178826710ABB00D269CC /* Resources */ = {
			isa = PBXResourcesBuildPhase;
			buildActionMask = 2147483647;
			files = (
			);
			runOnlyForDeploymentPostprocessing = 0;
		};
		9E40179326710ABB00D269CC /* Resources */ = {
			isa = PBXResourcesBuildPhase;
			buildActionMask = 2147483647;
			files = (
			);
			runOnlyForDeploymentPostprocessing = 0;
		};
/* End PBXResourcesBuildPhase section */

/* Begin PBXShellScriptBuildPhase section */
		28BDE623479E1F4085B38549 /* [CP] Check Pods Manifest.lock */ = {
			isa = PBXShellScriptBuildPhase;
			buildActionMask = 2147483647;
			files = (
			);
			inputFileListPaths = (
			);
			inputPaths = (
				"${PODS_PODFILE_DIR_PATH}/Podfile.lock",
				"${PODS_ROOT}/Manifest.lock",
			);
			name = "[CP] Check Pods Manifest.lock";
			outputFileListPaths = (
			);
			outputPaths = (
				"$(DERIVED_FILE_DIR)/Pods-CordialDemo_SwiftUI-CordialDemo_SwiftUIUITests-checkManifestLockResult.txt",
			);
			runOnlyForDeploymentPostprocessing = 0;
			shellPath = /bin/sh;
			shellScript = "diff \"${PODS_PODFILE_DIR_PATH}/Podfile.lock\" \"${PODS_ROOT}/Manifest.lock\" > /dev/null\nif [ $? != 0 ] ; then\n    # print error to STDERR\n    echo \"error: The sandbox is not in sync with the Podfile.lock. Run 'pod install' or update your CocoaPods installation.\" >&2\n    exit 1\nfi\n# This output is used by Xcode 'outputs' to avoid re-running this script phase.\necho \"SUCCESS\" > \"${SCRIPT_OUTPUT_FILE_0}\"\n";
			showEnvVarsInLog = 0;
		};
		4E1C2C7685D66C12A6467BB1 /* [CP] Embed Pods Frameworks */ = {
			isa = PBXShellScriptBuildPhase;
			buildActionMask = 2147483647;
			files = (
			);
			inputFileListPaths = (
				"${PODS_ROOT}/Target Support Files/Pods-CordialDemo_SwiftUI/Pods-CordialDemo_SwiftUI-frameworks-${CONFIGURATION}-input-files.xcfilelist",
			);
			name = "[CP] Embed Pods Frameworks";
			outputFileListPaths = (
				"${PODS_ROOT}/Target Support Files/Pods-CordialDemo_SwiftUI/Pods-CordialDemo_SwiftUI-frameworks-${CONFIGURATION}-output-files.xcfilelist",
			);
			runOnlyForDeploymentPostprocessing = 0;
			shellPath = /bin/sh;
			shellScript = "\"${PODS_ROOT}/Target Support Files/Pods-CordialDemo_SwiftUI/Pods-CordialDemo_SwiftUI-frameworks.sh\"\n";
			showEnvVarsInLog = 0;
		};
		8960226594B3399BB49C75F3 /* [CP] Check Pods Manifest.lock */ = {
			isa = PBXShellScriptBuildPhase;
			buildActionMask = 2147483647;
			files = (
			);
			inputFileListPaths = (
			);
			inputPaths = (
				"${PODS_PODFILE_DIR_PATH}/Podfile.lock",
				"${PODS_ROOT}/Manifest.lock",
			);
			name = "[CP] Check Pods Manifest.lock";
			outputFileListPaths = (
			);
			outputPaths = (
				"$(DERIVED_FILE_DIR)/Pods-CordialDemo_SwiftUITests-checkManifestLockResult.txt",
			);
			runOnlyForDeploymentPostprocessing = 0;
			shellPath = /bin/sh;
			shellScript = "diff \"${PODS_PODFILE_DIR_PATH}/Podfile.lock\" \"${PODS_ROOT}/Manifest.lock\" > /dev/null\nif [ $? != 0 ] ; then\n    # print error to STDERR\n    echo \"error: The sandbox is not in sync with the Podfile.lock. Run 'pod install' or update your CocoaPods installation.\" >&2\n    exit 1\nfi\n# This output is used by Xcode 'outputs' to avoid re-running this script phase.\necho \"SUCCESS\" > \"${SCRIPT_OUTPUT_FILE_0}\"\n";
			showEnvVarsInLog = 0;
		};
		B0B88FCD47E52144CFC4B3E1 /* [CP] Embed Pods Frameworks */ = {
			isa = PBXShellScriptBuildPhase;
			buildActionMask = 2147483647;
			files = (
			);
			inputFileListPaths = (
				"${PODS_ROOT}/Target Support Files/Pods-CordialDemo_SwiftUI-CordialDemo_SwiftUIUITests/Pods-CordialDemo_SwiftUI-CordialDemo_SwiftUIUITests-frameworks-${CONFIGURATION}-input-files.xcfilelist",
			);
			name = "[CP] Embed Pods Frameworks";
			outputFileListPaths = (
				"${PODS_ROOT}/Target Support Files/Pods-CordialDemo_SwiftUI-CordialDemo_SwiftUIUITests/Pods-CordialDemo_SwiftUI-CordialDemo_SwiftUIUITests-frameworks-${CONFIGURATION}-output-files.xcfilelist",
			);
			runOnlyForDeploymentPostprocessing = 0;
			shellPath = /bin/sh;
			shellScript = "\"${PODS_ROOT}/Target Support Files/Pods-CordialDemo_SwiftUI-CordialDemo_SwiftUIUITests/Pods-CordialDemo_SwiftUI-CordialDemo_SwiftUIUITests-frameworks.sh\"\n";
			showEnvVarsInLog = 0;
		};
		F1115451D850B137D90B35E4 /* [CP] Check Pods Manifest.lock */ = {
			isa = PBXShellScriptBuildPhase;
			buildActionMask = 2147483647;
			files = (
			);
			inputFileListPaths = (
			);
			inputPaths = (
				"${PODS_PODFILE_DIR_PATH}/Podfile.lock",
				"${PODS_ROOT}/Manifest.lock",
			);
			name = "[CP] Check Pods Manifest.lock";
			outputFileListPaths = (
			);
			outputPaths = (
				"$(DERIVED_FILE_DIR)/Pods-CordialDemo_SwiftUI-checkManifestLockResult.txt",
			);
			runOnlyForDeploymentPostprocessing = 0;
			shellPath = /bin/sh;
			shellScript = "diff \"${PODS_PODFILE_DIR_PATH}/Podfile.lock\" \"${PODS_ROOT}/Manifest.lock\" > /dev/null\nif [ $? != 0 ] ; then\n    # print error to STDERR\n    echo \"error: The sandbox is not in sync with the Podfile.lock. Run 'pod install' or update your CocoaPods installation.\" >&2\n    exit 1\nfi\n# This output is used by Xcode 'outputs' to avoid re-running this script phase.\necho \"SUCCESS\" > \"${SCRIPT_OUTPUT_FILE_0}\"\n";
			showEnvVarsInLog = 0;
		};
/* End PBXShellScriptBuildPhase section */

/* Begin PBXSourcesBuildPhase section */
		9E40177526710AB800D269CC /* Sources */ = {
			isa = PBXSourcesBuildPhase;
			buildActionMask = 2147483647;
			files = (
				9E40185E2672360100D269CC /* ProductView.swift in Sources */,
				9ECE054B2678C63D00864428 /* DeepLinksHandler.swift in Sources */,
				9E4018B926729BCC00D269CC /* DeepLinks.swift in Sources */,
				9ECE054E2678C89700864428 /* PushNotificationHandler.swift in Sources */,
				9E40177F26710AB800D269CC /* ContentView.swift in Sources */,
				9E40189326728C5F00D269CC /* ProductHandler.swift in Sources */,
				9E4018562672356800D269CC /* CatalogView.swift in Sources */,
				9E40188D26728C1300D269CC /* DeepLinksView.swift in Sources */,
				9E40177D26710AB800D269CC /* CordialDemo_SwiftUIApp.swift in Sources */,
				9E40189826728C8700D269CC /* Product.swift in Sources */,
			);
			runOnlyForDeploymentPostprocessing = 0;
		};
		9E40178626710ABB00D269CC /* Sources */ = {
			isa = PBXSourcesBuildPhase;
			buildActionMask = 2147483647;
			files = (
				9E40178F26710ABB00D269CC /* CordialDemo_SwiftUITests.swift in Sources */,
			);
			runOnlyForDeploymentPostprocessing = 0;
		};
		9E40179126710ABB00D269CC /* Sources */ = {
			isa = PBXSourcesBuildPhase;
			buildActionMask = 2147483647;
			files = (
				9E40179A26710ABB00D269CC /* CordialDemo_SwiftUIUITests.swift in Sources */,
			);
			runOnlyForDeploymentPostprocessing = 0;
		};
/* End PBXSourcesBuildPhase section */

/* Begin PBXTargetDependency section */
		9E40178C26710ABB00D269CC /* PBXTargetDependency */ = {
			isa = PBXTargetDependency;
			target = 9E40177826710AB800D269CC /* CordialDemo_SwiftUI */;
			targetProxy = 9E40178B26710ABB00D269CC /* PBXContainerItemProxy */;
		};
		9E40179726710ABB00D269CC /* PBXTargetDependency */ = {
			isa = PBXTargetDependency;
			target = 9E40177826710AB800D269CC /* CordialDemo_SwiftUI */;
			targetProxy = 9E40179626710ABB00D269CC /* PBXContainerItemProxy */;
		};
/* End PBXTargetDependency section */

/* Begin XCBuildConfiguration section */
		9E40179C26710ABB00D269CC /* Debug */ = {
			isa = XCBuildConfiguration;
			buildSettings = {
				ALWAYS_SEARCH_USER_PATHS = NO;
				CLANG_ANALYZER_NONNULL = YES;
				CLANG_ANALYZER_NUMBER_OBJECT_CONVERSION = YES_AGGRESSIVE;
				CLANG_CXX_LANGUAGE_STANDARD = "gnu++14";
				CLANG_CXX_LIBRARY = "libc++";
				CLANG_ENABLE_MODULES = YES;
				CLANG_ENABLE_OBJC_ARC = YES;
				CLANG_ENABLE_OBJC_WEAK = YES;
				CLANG_WARN_BLOCK_CAPTURE_AUTORELEASING = YES;
				CLANG_WARN_BOOL_CONVERSION = YES;
				CLANG_WARN_COMMA = YES;
				CLANG_WARN_CONSTANT_CONVERSION = YES;
				CLANG_WARN_DEPRECATED_OBJC_IMPLEMENTATIONS = YES;
				CLANG_WARN_DIRECT_OBJC_ISA_USAGE = YES_ERROR;
				CLANG_WARN_DOCUMENTATION_COMMENTS = YES;
				CLANG_WARN_EMPTY_BODY = YES;
				CLANG_WARN_ENUM_CONVERSION = YES;
				CLANG_WARN_INFINITE_RECURSION = YES;
				CLANG_WARN_INT_CONVERSION = YES;
				CLANG_WARN_NON_LITERAL_NULL_CONVERSION = YES;
				CLANG_WARN_OBJC_IMPLICIT_RETAIN_SELF = YES;
				CLANG_WARN_OBJC_LITERAL_CONVERSION = YES;
				CLANG_WARN_OBJC_ROOT_CLASS = YES_ERROR;
				CLANG_WARN_QUOTED_INCLUDE_IN_FRAMEWORK_HEADER = YES;
				CLANG_WARN_RANGE_LOOP_ANALYSIS = YES;
				CLANG_WARN_STRICT_PROTOTYPES = YES;
				CLANG_WARN_SUSPICIOUS_MOVE = YES;
				CLANG_WARN_UNGUARDED_AVAILABILITY = YES_AGGRESSIVE;
				CLANG_WARN_UNREACHABLE_CODE = YES;
				CLANG_WARN__DUPLICATE_METHOD_MATCH = YES;
				COPY_PHASE_STRIP = NO;
				DEBUG_INFORMATION_FORMAT = dwarf;
				ENABLE_STRICT_OBJC_MSGSEND = YES;
				ENABLE_TESTABILITY = YES;
				GCC_C_LANGUAGE_STANDARD = gnu11;
				GCC_DYNAMIC_NO_PIC = NO;
				GCC_NO_COMMON_BLOCKS = YES;
				GCC_OPTIMIZATION_LEVEL = 0;
				GCC_PREPROCESSOR_DEFINITIONS = (
					"DEBUG=1",
					"$(inherited)",
				);
				GCC_WARN_64_TO_32_BIT_CONVERSION = YES;
				GCC_WARN_ABOUT_RETURN_TYPE = YES_ERROR;
				GCC_WARN_UNDECLARED_SELECTOR = YES;
				GCC_WARN_UNINITIALIZED_AUTOS = YES_AGGRESSIVE;
				GCC_WARN_UNUSED_FUNCTION = YES;
				GCC_WARN_UNUSED_VARIABLE = YES;
				IPHONEOS_DEPLOYMENT_TARGET = 14.4;
				MTL_ENABLE_DEBUG_INFO = INCLUDE_SOURCE;
				MTL_FAST_MATH = YES;
				ONLY_ACTIVE_ARCH = YES;
				SDKROOT = iphoneos;
				SWIFT_ACTIVE_COMPILATION_CONDITIONS = DEBUG;
				SWIFT_OPTIMIZATION_LEVEL = "-Onone";
			};
			name = Debug;
		};
		9E40179D26710ABB00D269CC /* Release */ = {
			isa = XCBuildConfiguration;
			buildSettings = {
				ALWAYS_SEARCH_USER_PATHS = NO;
				CLANG_ANALYZER_NONNULL = YES;
				CLANG_ANALYZER_NUMBER_OBJECT_CONVERSION = YES_AGGRESSIVE;
				CLANG_CXX_LANGUAGE_STANDARD = "gnu++14";
				CLANG_CXX_LIBRARY = "libc++";
				CLANG_ENABLE_MODULES = YES;
				CLANG_ENABLE_OBJC_ARC = YES;
				CLANG_ENABLE_OBJC_WEAK = YES;
				CLANG_WARN_BLOCK_CAPTURE_AUTORELEASING = YES;
				CLANG_WARN_BOOL_CONVERSION = YES;
				CLANG_WARN_COMMA = YES;
				CLANG_WARN_CONSTANT_CONVERSION = YES;
				CLANG_WARN_DEPRECATED_OBJC_IMPLEMENTATIONS = YES;
				CLANG_WARN_DIRECT_OBJC_ISA_USAGE = YES_ERROR;
				CLANG_WARN_DOCUMENTATION_COMMENTS = YES;
				CLANG_WARN_EMPTY_BODY = YES;
				CLANG_WARN_ENUM_CONVERSION = YES;
				CLANG_WARN_INFINITE_RECURSION = YES;
				CLANG_WARN_INT_CONVERSION = YES;
				CLANG_WARN_NON_LITERAL_NULL_CONVERSION = YES;
				CLANG_WARN_OBJC_IMPLICIT_RETAIN_SELF = YES;
				CLANG_WARN_OBJC_LITERAL_CONVERSION = YES;
				CLANG_WARN_OBJC_ROOT_CLASS = YES_ERROR;
				CLANG_WARN_QUOTED_INCLUDE_IN_FRAMEWORK_HEADER = YES;
				CLANG_WARN_RANGE_LOOP_ANALYSIS = YES;
				CLANG_WARN_STRICT_PROTOTYPES = YES;
				CLANG_WARN_SUSPICIOUS_MOVE = YES;
				CLANG_WARN_UNGUARDED_AVAILABILITY = YES_AGGRESSIVE;
				CLANG_WARN_UNREACHABLE_CODE = YES;
				CLANG_WARN__DUPLICATE_METHOD_MATCH = YES;
				COPY_PHASE_STRIP = NO;
				DEBUG_INFORMATION_FORMAT = "dwarf-with-dsym";
				ENABLE_NS_ASSERTIONS = NO;
				ENABLE_STRICT_OBJC_MSGSEND = YES;
				GCC_C_LANGUAGE_STANDARD = gnu11;
				GCC_NO_COMMON_BLOCKS = YES;
				GCC_WARN_64_TO_32_BIT_CONVERSION = YES;
				GCC_WARN_ABOUT_RETURN_TYPE = YES_ERROR;
				GCC_WARN_UNDECLARED_SELECTOR = YES;
				GCC_WARN_UNINITIALIZED_AUTOS = YES_AGGRESSIVE;
				GCC_WARN_UNUSED_FUNCTION = YES;
				GCC_WARN_UNUSED_VARIABLE = YES;
				IPHONEOS_DEPLOYMENT_TARGET = 14.4;
				MTL_ENABLE_DEBUG_INFO = NO;
				MTL_FAST_MATH = YES;
				SDKROOT = iphoneos;
				SWIFT_COMPILATION_MODE = wholemodule;
				SWIFT_OPTIMIZATION_LEVEL = "-O";
				VALIDATE_PRODUCT = YES;
			};
			name = Release;
		};
		9E40179F26710ABB00D269CC /* Debug */ = {
			isa = XCBuildConfiguration;
			baseConfigurationReference = F4B337DB1E7134FCDF6C819A /* Pods-CordialDemo_SwiftUI.debug.xcconfig */;
			buildSettings = {
				ALWAYS_EMBED_SWIFT_STANDARD_LIBRARIES = "$(inherited)";
				ASSETCATALOG_COMPILER_APPICON_NAME = AppIcon;
				ASSETCATALOG_COMPILER_GLOBAL_ACCENT_COLOR_NAME = AccentColor;
				CODE_SIGN_ENTITLEMENTS = CordialDemo_SwiftUI/CordialDemo_SwiftUI.entitlements;
				CODE_SIGN_STYLE = Automatic;
				DEVELOPMENT_ASSET_PATHS = "\"CordialDemo_SwiftUI/Preview Content\"";
				DEVELOPMENT_TEAM = 6FB5FHVWQQ;
				ENABLE_PREVIEWS = YES;
				INFOPLIST_FILE = CordialDemo_SwiftUI/Info.plist;
				IPHONEOS_DEPLOYMENT_TARGET = 14.0;
				LD_RUNPATH_SEARCH_PATHS = (
					"$(inherited)",
					"@executable_path/Frameworks",
				);
				PRODUCT_BUNDLE_IDENTIFIER = "io.cordial.sdk.demo.app.swift-ui";
				PRODUCT_NAME = "$(TARGET_NAME)";
				SWIFT_VERSION = 5.0;
				TARGETED_DEVICE_FAMILY = "1,2";
			};
			name = Debug;
		};
		9E4017A026710ABB00D269CC /* Release */ = {
			isa = XCBuildConfiguration;
			baseConfigurationReference = BEA3F38223157E342215839E /* Pods-CordialDemo_SwiftUI.release.xcconfig */;
			buildSettings = {
				ALWAYS_EMBED_SWIFT_STANDARD_LIBRARIES = "$(inherited)";
				ASSETCATALOG_COMPILER_APPICON_NAME = AppIcon;
				ASSETCATALOG_COMPILER_GLOBAL_ACCENT_COLOR_NAME = AccentColor;
				CODE_SIGN_ENTITLEMENTS = CordialDemo_SwiftUI/CordialDemo_SwiftUI.entitlements;
				CODE_SIGN_STYLE = Automatic;
				DEVELOPMENT_ASSET_PATHS = "\"CordialDemo_SwiftUI/Preview Content\"";
				DEVELOPMENT_TEAM = 6FB5FHVWQQ;
				ENABLE_PREVIEWS = YES;
				INFOPLIST_FILE = CordialDemo_SwiftUI/Info.plist;
				IPHONEOS_DEPLOYMENT_TARGET = 14.0;
				LD_RUNPATH_SEARCH_PATHS = (
					"$(inherited)",
					"@executable_path/Frameworks",
				);
				PRODUCT_BUNDLE_IDENTIFIER = "io.cordial.sdk.demo.app.swift-ui";
				PRODUCT_NAME = "$(TARGET_NAME)";
				SWIFT_VERSION = 5.0;
				TARGETED_DEVICE_FAMILY = "1,2";
			};
			name = Release;
		};
		9E4017A226710ABB00D269CC /* Debug */ = {
			isa = XCBuildConfiguration;
			baseConfigurationReference = E6F9EAF4C9E5FCAA49DF241B /* Pods-CordialDemo_SwiftUITests.debug.xcconfig */;
			buildSettings = {
				ALWAYS_EMBED_SWIFT_STANDARD_LIBRARIES = "$(inherited)";
				BUNDLE_LOADER = "$(TEST_HOST)";
				CODE_SIGN_STYLE = Automatic;
				DEVELOPMENT_TEAM = 6FB5FHVWQQ;
				INFOPLIST_FILE = CordialDemo_SwiftUITests/Info.plist;
				IPHONEOS_DEPLOYMENT_TARGET = 14.0;
				LD_RUNPATH_SEARCH_PATHS = (
					"$(inherited)",
					"@executable_path/Frameworks",
					"@loader_path/Frameworks",
				);
				PRODUCT_BUNDLE_IDENTIFIER = "io.cordial.sdk.demo.app.swiftUI.CordialDemo-SwiftUITests";
				PRODUCT_NAME = "$(TARGET_NAME)";
				SWIFT_VERSION = 5.0;
				TARGETED_DEVICE_FAMILY = "1,2";
				TEST_HOST = "$(BUILT_PRODUCTS_DIR)/CordialDemo_SwiftUI.app/CordialDemo_SwiftUI";
			};
			name = Debug;
		};
		9E4017A326710ABB00D269CC /* Release */ = {
			isa = XCBuildConfiguration;
			baseConfigurationReference = 5E3560CFCED369ABD4818BA9 /* Pods-CordialDemo_SwiftUITests.release.xcconfig */;
			buildSettings = {
				ALWAYS_EMBED_SWIFT_STANDARD_LIBRARIES = "$(inherited)";
				BUNDLE_LOADER = "$(TEST_HOST)";
				CODE_SIGN_STYLE = Automatic;
				DEVELOPMENT_TEAM = 6FB5FHVWQQ;
				INFOPLIST_FILE = CordialDemo_SwiftUITests/Info.plist;
				IPHONEOS_DEPLOYMENT_TARGET = 14.0;
				LD_RUNPATH_SEARCH_PATHS = (
					"$(inherited)",
					"@executable_path/Frameworks",
					"@loader_path/Frameworks",
				);
				PRODUCT_BUNDLE_IDENTIFIER = "io.cordial.sdk.demo.app.swiftUI.CordialDemo-SwiftUITests";
				PRODUCT_NAME = "$(TARGET_NAME)";
				SWIFT_VERSION = 5.0;
				TARGETED_DEVICE_FAMILY = "1,2";
				TEST_HOST = "$(BUILT_PRODUCTS_DIR)/CordialDemo_SwiftUI.app/CordialDemo_SwiftUI";
			};
			name = Release;
		};
		9E4017A526710ABB00D269CC /* Debug */ = {
			isa = XCBuildConfiguration;
			baseConfigurationReference = 2757C95BD5712BEE695A2BDD /* Pods-CordialDemo_SwiftUI-CordialDemo_SwiftUIUITests.debug.xcconfig */;
			buildSettings = {
				ALWAYS_EMBED_SWIFT_STANDARD_LIBRARIES = "$(inherited)";
				CODE_SIGN_STYLE = Automatic;
				DEVELOPMENT_TEAM = 6FB5FHVWQQ;
				INFOPLIST_FILE = CordialDemo_SwiftUIUITests/Info.plist;
				LD_RUNPATH_SEARCH_PATHS = (
					"$(inherited)",
					"@executable_path/Frameworks",
					"@loader_path/Frameworks",
				);
				PRODUCT_BUNDLE_IDENTIFIER = "io.cordial.sdk.demo.app.swiftUI.CordialDemo-SwiftUIUITests";
				PRODUCT_NAME = "$(TARGET_NAME)";
				SWIFT_VERSION = 5.0;
				TARGETED_DEVICE_FAMILY = "1,2";
				TEST_TARGET_NAME = CordialDemo_SwiftUI;
			};
			name = Debug;
		};
		9E4017A626710ABB00D269CC /* Release */ = {
			isa = XCBuildConfiguration;
			baseConfigurationReference = C8BAB9BC650ACFC36540B80F /* Pods-CordialDemo_SwiftUI-CordialDemo_SwiftUIUITests.release.xcconfig */;
			buildSettings = {
				ALWAYS_EMBED_SWIFT_STANDARD_LIBRARIES = "$(inherited)";
				CODE_SIGN_STYLE = Automatic;
				DEVELOPMENT_TEAM = 6FB5FHVWQQ;
				INFOPLIST_FILE = CordialDemo_SwiftUIUITests/Info.plist;
				LD_RUNPATH_SEARCH_PATHS = (
					"$(inherited)",
					"@executable_path/Frameworks",
					"@loader_path/Frameworks",
				);
				PRODUCT_BUNDLE_IDENTIFIER = "io.cordial.sdk.demo.app.swiftUI.CordialDemo-SwiftUIUITests";
				PRODUCT_NAME = "$(TARGET_NAME)";
				SWIFT_VERSION = 5.0;
				TARGETED_DEVICE_FAMILY = "1,2";
				TEST_TARGET_NAME = CordialDemo_SwiftUI;
			};
			name = Release;
		};
/* End XCBuildConfiguration section */

/* Begin XCConfigurationList section */
		9E40177426710AB800D269CC /* Build configuration list for PBXProject "CordialDemo_SwiftUI" */ = {
			isa = XCConfigurationList;
			buildConfigurations = (
				9E40179C26710ABB00D269CC /* Debug */,
				9E40179D26710ABB00D269CC /* Release */,
			);
			defaultConfigurationIsVisible = 0;
			defaultConfigurationName = Release;
		};
		9E40179E26710ABB00D269CC /* Build configuration list for PBXNativeTarget "CordialDemo_SwiftUI" */ = {
			isa = XCConfigurationList;
			buildConfigurations = (
				9E40179F26710ABB00D269CC /* Debug */,
				9E4017A026710ABB00D269CC /* Release */,
			);
			defaultConfigurationIsVisible = 0;
			defaultConfigurationName = Release;
		};
		9E4017A126710ABB00D269CC /* Build configuration list for PBXNativeTarget "CordialDemo_SwiftUITests" */ = {
			isa = XCConfigurationList;
			buildConfigurations = (
				9E4017A226710ABB00D269CC /* Debug */,
				9E4017A326710ABB00D269CC /* Release */,
			);
			defaultConfigurationIsVisible = 0;
			defaultConfigurationName = Release;
		};
		9E4017A426710ABB00D269CC /* Build configuration list for PBXNativeTarget "CordialDemo_SwiftUIUITests" */ = {
			isa = XCConfigurationList;
			buildConfigurations = (
				9E4017A526710ABB00D269CC /* Debug */,
				9E4017A626710ABB00D269CC /* Release */,
			);
			defaultConfigurationIsVisible = 0;
			defaultConfigurationName = Release;
		};
/* End XCConfigurationList section */
	};
	rootObject = 9E40177126710AB800D269CC /* Project object */;
}
